PODS:
  - AFNetworking (2.6.0):
    - AFNetworking/NSURLConnection (= 2.6.0)
    - AFNetworking/NSURLSession (= 2.6.0)
    - AFNetworking/Reachability (= 2.6.0)
    - AFNetworking/Security (= 2.6.0)
    - AFNetworking/Serialization (= 2.6.0)
    - AFNetworking/UIKit (= 2.6.0)
  - AFNetworking/NSURLConnection (2.6.0):
    - AFNetworking/Reachability
    - AFNetworking/Security
    - AFNetworking/Serialization
  - AFNetworking/NSURLSession (2.6.0):
    - AFNetworking/Reachability
    - AFNetworking/Security
    - AFNetworking/Serialization
  - AFNetworking/Reachability (2.6.0)
  - AFNetworking/Security (2.6.0)
  - AFNetworking/Serialization (2.6.0)
  - AFNetworking/UIKit (2.6.0):
    - AFNetworking/NSURLConnection
    - AFNetworking/NSURLSession
  - AJWValidator (0.0.7)
  - ISO8601 (0.3.0)
  - JSONModel (1.1.0)
  - Masonry (0.6.1)
  - MBProgressHUD (0.9.1)
  - MJRefresh (1.4.1)
  - ReactiveCocoa (2.4.7):
    - ReactiveCocoa/UI (= 2.4.7)
  - ReactiveCocoa/Core (2.4.7):
    - ReactiveCocoa/no-arc
  - ReactiveCocoa/no-arc (2.4.7)
  - ReactiveCocoa/UI (2.4.7):
    - ReactiveCocoa/Core
  - ReactiveViewModel (0.3):
    - ReactiveCocoa (~> 2.4)
  - Reveal-iOS-SDK (1.5.1)
  - Tortuga22-NinePatch (0.1.1)

DEPENDENCIES:
  - AFNetworking (= 2.6.0)
  - AJWValidator (= 0.0.7)
  - ISO8601 (= 0.3.0)
  - JSONModel (= 1.1.0)
  - Masonry (= 0.6.1)
  - MBProgressHUD (= 0.9.1)
  - MJRefresh (= 1.4.1)
  - ReactiveCocoa (= 2.4.7)
  - ReactiveViewModel (= 0.3)
  - Reveal-iOS-SDK (= 1.5.1)
  - Tortuga22-NinePatch (= 0.1.1)

SPEC CHECKSUMS:
  AFNetworking: 79f7eb1a0fcfa7beb409332b2ca49afe9ce53b05
  AJWValidator: 6bd0642cdd08ebccf847938e822fbd07a8ccfdbc
  ISO8601: 8d8a22d5edf0554a1cf75bac028c76c1dc0ffaef
  JSONModel: ec77e9865236a7a09d9cf7668df6b4b328d9ec1d
  Masonry: 4972309f2f134de9dd312f4dc4a21359b50e6caa
  MBProgressHUD: c47f2c166c126cf2ce36498d80f33e754d4e93ad
  MJRefresh: 6a0fd4c81a957803bd99bbbf55a956d1d6f41263
  ReactiveCocoa: eb38dee0a0e698f73a9b25e5c1faea2bb4c79240
  ReactiveViewModel: 58918dcbcec2d3151195ab1ed9163c57a8163999
  Reveal-iOS-SDK: c9c55cad2729c85f6ced415f1b21857c9a2d8ef9
  Tortuga22-NinePatch: ea73eedc8d15967d9910ef202f62e50408e673c5

COCOAPODS: 0.37.2
