// !$*UTF8*$!
{
	archiveVersion = 1;
	classes = {
	};
	objectVersion = 46;
	objects = {

/* Begin PBXAggregateTarget section */
		2030B4661BFF1CD700C96C6B /* CreatNoteApiSDK */ = {
			isa = PBXAggregateTarget;
			buildConfigurationList = 2030B4671BFF1CD700C96C6B /* Build configuration list for PBXAggregateTarget "CreatNoteApiSDK" */;
			buildPhases = (
				2030B46A1BFF1CDB00C96C6B /* ShellScript */,
			);
			dependencies = (
			);
			name = CreatNoteApiSDK;
			productName = CreatNoteApiSDK;
		};
/* End PBXAggregateTarget section */

/* Begin PBXBuildFile section */
		049153171CDB65B500EAE9E0 /* JSONValueTransformer+ISO8601.h in Headers */ = {isa = PBXBuildFile; fileRef = 049152CB1CDB65B500EAE9E0 /* JSONValueTransformer+ISO8601.h */; };
		049153181CDB65B500EAE9E0 /* JSONValueTransformer+ISO8601.m in Sources */ = {isa = PBXBuildFile; fileRef = 049152CC1CDB65B500EAE9E0 /* JSONValueTransformer+ISO8601.m */; };
		049153191CDB65B500EAE9E0 /* SWGAddArticleApi.h in Headers */ = {isa = PBXBuildFile; fileRef = 049152CD1CDB65B500EAE9E0 /* SWGAddArticleApi.h */; };
		0491531A1CDB65B500EAE9E0 /* SWGAddArticleApi.m in Sources */ = {isa = PBXBuildFile; fileRef = 049152CE1CDB65B500EAE9E0 /* SWGAddArticleApi.m */; };
		0491531B1CDB65B500EAE9E0 /* SWGAddArticleResponses.h in Headers */ = {isa = PBXBuildFile; fileRef = 049152CF1CDB65B500EAE9E0 /* SWGAddArticleResponses.h */; };
		0491531C1CDB65B500EAE9E0 /* SWGAddArticleResponses.m in Sources */ = {isa = PBXBuildFile; fileRef = 049152D01CDB65B500EAE9E0 /* SWGAddArticleResponses.m */; };
		0491531D1CDB65B500EAE9E0 /* SWGAddWeeklyRequest.h in Headers */ = {isa = PBXBuildFile; fileRef = 049152D11CDB65B500EAE9E0 /* SWGAddWeeklyRequest.h */; };
		0491531E1CDB65B500EAE9E0 /* SWGAddWeeklyRequest.m in Sources */ = {isa = PBXBuildFile; fileRef = 049152D21CDB65B500EAE9E0 /* SWGAddWeeklyRequest.m */; };
		0491531F1CDB65B500EAE9E0 /* SWGAddWeeklyResponses.h in Headers */ = {isa = PBXBuildFile; fileRef = 049152D31CDB65B500EAE9E0 /* SWGAddWeeklyResponses.h */; };
		049153201CDB65B500EAE9E0 /* SWGAddWeeklyResponses.m in Sources */ = {isa = PBXBuildFile; fileRef = 049152D41CDB65B500EAE9E0 /* SWGAddWeeklyResponses.m */; };
		049153211CDB65B500EAE9E0 /* SWGAllArticleApi.h in Headers */ = {isa = PBXBuildFile; fileRef = 049152D51CDB65B500EAE9E0 /* SWGAllArticleApi.h */; };
		049153221CDB65B500EAE9E0 /* SWGAllArticleApi.m in Sources */ = {isa = PBXBuildFile; fileRef = 049152D61CDB65B500EAE9E0 /* SWGAllArticleApi.m */; };
		049153231CDB65B500EAE9E0 /* SWGApi.h in Headers */ = {isa = PBXBuildFile; fileRef = 049152D71CDB65B500EAE9E0 /* SWGApi.h */; };
		049153241CDB65B500EAE9E0 /* SWGApi.m in Sources */ = {isa = PBXBuildFile; fileRef = 049152D81CDB65B500EAE9E0 /* SWGApi.m */; };
		049153251CDB65B500EAE9E0 /* SWGApiClient.h in Headers */ = {isa = PBXBuildFile; fileRef = 049152D91CDB65B500EAE9E0 /* SWGApiClient.h */; };
		049153261CDB65B500EAE9E0 /* SWGApiClient.m in Sources */ = {isa = PBXBuildFile; fileRef = 049152DA1CDB65B500EAE9E0 /* SWGApiClient.m */; };
		049153271CDB65B500EAE9E0 /* SWGArticle.h in Headers */ = {isa = PBXBuildFile; fileRef = 049152DB1CDB65B500EAE9E0 /* SWGArticle.h */; };
		049153281CDB65B500EAE9E0 /* SWGArticle.m in Sources */ = {isa = PBXBuildFile; fileRef = 049152DC1CDB65B500EAE9E0 /* SWGArticle.m */; };
		049153291CDB65B500EAE9E0 /* SWGArticleList.h in Headers */ = {isa = PBXBuildFile; fileRef = 049152DD1CDB65B500EAE9E0 /* SWGArticleList.h */; };
		0491532A1CDB65B500EAE9E0 /* SWGArticleList.m in Sources */ = {isa = PBXBuildFile; fileRef = 049152DE1CDB65B500EAE9E0 /* SWGArticleList.m */; };
		0491532B1CDB65B500EAE9E0 /* SWGArticleListApi.h in Headers */ = {isa = PBXBuildFile; fileRef = 049152DF1CDB65B500EAE9E0 /* SWGArticleListApi.h */; };
		0491532C1CDB65B500EAE9E0 /* SWGArticleListApi.m in Sources */ = {isa = PBXBuildFile; fileRef = 049152E01CDB65B500EAE9E0 /* SWGArticleListApi.m */; };
		0491532D1CDB65B500EAE9E0 /* SWGConfiguration.h in Headers */ = {isa = PBXBuildFile; fileRef = 049152E11CDB65B500EAE9E0 /* SWGConfiguration.h */; };
		0491532E1CDB65B500EAE9E0 /* SWGConfiguration.m in Sources */ = {isa = PBXBuildFile; fileRef = 049152E21CDB65B500EAE9E0 /* SWGConfiguration.m */; };
		0491532F1CDB65B500EAE9E0 /* SWGDeleteArticleApi.h in Headers */ = {isa = PBXBuildFile; fileRef = 049152E31CDB65B500EAE9E0 /* SWGDeleteArticleApi.h */; };
		049153301CDB65B500EAE9E0 /* SWGDeleteArticleApi.m in Sources */ = {isa = PBXBuildFile; fileRef = 049152E41CDB65B500EAE9E0 /* SWGDeleteArticleApi.m */; };
		049153311CDB65B500EAE9E0 /* SWGDelWeeklyRequest.h in Headers */ = {isa = PBXBuildFile; fileRef = 049152E51CDB65B500EAE9E0 /* SWGDelWeeklyRequest.h */; };
		049153321CDB65B500EAE9E0 /* SWGDelWeeklyRequest.m in Sources */ = {isa = PBXBuildFile; fileRef = 049152E61CDB65B500EAE9E0 /* SWGDelWeeklyRequest.m */; };
		049153331CDB65B500EAE9E0 /* SWGFile.h in Headers */ = {isa = PBXBuildFile; fileRef = 049152E71CDB65B500EAE9E0 /* SWGFile.h */; };
		049153341CDB65B500EAE9E0 /* SWGFile.m in Sources */ = {isa = PBXBuildFile; fileRef = 049152E81CDB65B500EAE9E0 /* SWGFile.m */; };
		049153351CDB65B500EAE9E0 /* SWGGetArticleApi.h in Headers */ = {isa = PBXBuildFile; fileRef = 049152E91CDB65B500EAE9E0 /* SWGGetArticleApi.h */; };
		049153361CDB65B500EAE9E0 /* SWGGetArticleApi.m in Sources */ = {isa = PBXBuildFile; fileRef = 049152EA1CDB65B500EAE9E0 /* SWGGetArticleApi.m */; };
		049153371CDB65B500EAE9E0 /* SWGGetArticleByIdRequest.h in Headers */ = {isa = PBXBuildFile; fileRef = 049152EB1CDB65B500EAE9E0 /* SWGGetArticleByIdRequest.h */; };
		049153381CDB65B500EAE9E0 /* SWGGetArticleByIdRequest.m in Sources */ = {isa = PBXBuildFile; fileRef = 049152EC1CDB65B500EAE9E0 /* SWGGetArticleByIdRequest.m */; };
		049153391CDB65B500EAE9E0 /* SWGId.h in Headers */ = {isa = PBXBuildFile; fileRef = 049152ED1CDB65B500EAE9E0 /* SWGId.h */; };
		0491533A1CDB65B500EAE9E0 /* SWGId.m in Sources */ = {isa = PBXBuildFile; fileRef = 049152EE1CDB65B500EAE9E0 /* SWGId.m */; };
		0491533B1CDB65B500EAE9E0 /* SWGIdList.h in Headers */ = {isa = PBXBuildFile; fileRef = 049152EF1CDB65B500EAE9E0 /* SWGIdList.h */; };
		0491533C1CDB65B500EAE9E0 /* SWGIdList.m in Sources */ = {isa = PBXBuildFile; fileRef = 049152F01CDB65B500EAE9E0 /* SWGIdList.m */; };
		0491533D1CDB65B500EAE9E0 /* SWGIdListApi.h in Headers */ = {isa = PBXBuildFile; fileRef = 049152F11CDB65B500EAE9E0 /* SWGIdListApi.h */; };
		0491533E1CDB65B500EAE9E0 /* SWGIdListApi.m in Sources */ = {isa = PBXBuildFile; fileRef = 049152F21CDB65B500EAE9E0 /* SWGIdListApi.m */; };
		0491533F1CDB65B500EAE9E0 /* SWGMakeUrlApi.h in Headers */ = {isa = PBXBuildFile; fileRef = 049152F31CDB65B500EAE9E0 /* SWGMakeUrlApi.h */; };
		049153401CDB65B500EAE9E0 /* SWGMakeUrlApi.m in Sources */ = {isa = PBXBuildFile; fileRef = 049152F41CDB65B500EAE9E0 /* SWGMakeUrlApi.m */; };
		049153411CDB65B500EAE9E0 /* SWGMyWeeklyRequest.h in Headers */ = {isa = PBXBuildFile; fileRef = 049152F51CDB65B500EAE9E0 /* SWGMyWeeklyRequest.h */; };
		049153421CDB65B500EAE9E0 /* SWGMyWeeklyRequest.m in Sources */ = {isa = PBXBuildFile; fileRef = 049152F61CDB65B500EAE9E0 /* SWGMyWeeklyRequest.m */; };
		049153431CDB65B500EAE9E0 /* SWGMyWeeklyResponses.h in Headers */ = {isa = PBXBuildFile; fileRef = 049152F71CDB65B500EAE9E0 /* SWGMyWeeklyResponses.h */; };
		049153441CDB65B500EAE9E0 /* SWGMyWeeklyResponses.m in Sources */ = {isa = PBXBuildFile; fileRef = 049152F81CDB65B500EAE9E0 /* SWGMyWeeklyResponses.m */; };
		049153451CDB65B500EAE9E0 /* SWGObject.h in Headers */ = {isa = PBXBuildFile; fileRef = 049152F91CDB65B500EAE9E0 /* SWGObject.h */; };
		049153461CDB65B500EAE9E0 /* SWGObject.m in Sources */ = {isa = PBXBuildFile; fileRef = 049152FA1CDB65B500EAE9E0 /* SWGObject.m */; };
		049153471CDB65B500EAE9E0 /* SWGQueryParamCollection.h in Headers */ = {isa = PBXBuildFile; fileRef = 049152FB1CDB65B500EAE9E0 /* SWGQueryParamCollection.h */; };
		049153481CDB65B500EAE9E0 /* SWGQueryParamCollection.m in Sources */ = {isa = PBXBuildFile; fileRef = 049152FC1CDB65B500EAE9E0 /* SWGQueryParamCollection.m */; };
		049153491CDB65B500EAE9E0 /* SWGResponses.h in Headers */ = {isa = PBXBuildFile; fileRef = 049152FD1CDB65B500EAE9E0 /* SWGResponses.h */; };
		0491534A1CDB65B500EAE9E0 /* SWGResponses.m in Sources */ = {isa = PBXBuildFile; fileRef = 049152FE1CDB65B500EAE9E0 /* SWGResponses.m */; };
		0491534B1CDB65B500EAE9E0 /* SWGSignApi.h in Headers */ = {isa = PBXBuildFile; fileRef = 049152FF1CDB65B500EAE9E0 /* SWGSignApi.h */; };
		0491534C1CDB65B500EAE9E0 /* SWGSignApi.m in Sources */ = {isa = PBXBuildFile; fileRef = 049153001CDB65B500EAE9E0 /* SWGSignApi.m */; };
		0491534D1CDB65B500EAE9E0 /* SWGSignRequest.h in Headers */ = {isa = PBXBuildFile; fileRef = 049153011CDB65B500EAE9E0 /* SWGSignRequest.h */; };
		0491534E1CDB65B500EAE9E0 /* SWGSignRequest.m in Sources */ = {isa = PBXBuildFile; fileRef = 049153021CDB65B500EAE9E0 /* SWGSignRequest.m */; };
		0491534F1CDB65B500EAE9E0 /* SWGSignResponses.h in Headers */ = {isa = PBXBuildFile; fileRef = 049153031CDB65B500EAE9E0 /* SWGSignResponses.h */; };
		049153501CDB65B500EAE9E0 /* SWGSignResponses.m in Sources */ = {isa = PBXBuildFile; fileRef = 049153041CDB65B500EAE9E0 /* SWGSignResponses.m */; };
		049153511CDB65B500EAE9E0 /* SWGUpdateArticleApi.h in Headers */ = {isa = PBXBuildFile; fileRef = 049153051CDB65B500EAE9E0 /* SWGUpdateArticleApi.h */; };
		049153521CDB65B500EAE9E0 /* SWGUpdateArticleApi.m in Sources */ = {isa = PBXBuildFile; fileRef = 049153061CDB65B500EAE9E0 /* SWGUpdateArticleApi.m */; };
		049153531CDB65B500EAE9E0 /* SWGUpdateArticleResponses.h in Headers */ = {isa = PBXBuildFile; fileRef = 049153071CDB65B500EAE9E0 /* SWGUpdateArticleResponses.h */; };
		049153541CDB65B500EAE9E0 /* SWGUpdateArticleResponses.m in Sources */ = {isa = PBXBuildFile; fileRef = 049153081CDB65B500EAE9E0 /* SWGUpdateArticleResponses.m */; };
		049153551CDB65B500EAE9E0 /* SWGUpdateWeeklyRequest.h in Headers */ = {isa = PBXBuildFile; fileRef = 049153091CDB65B500EAE9E0 /* SWGUpdateWeeklyRequest.h */; };
		049153561CDB65B500EAE9E0 /* SWGUpdateWeeklyRequest.m in Sources */ = {isa = PBXBuildFile; fileRef = 0491530A1CDB65B500EAE9E0 /* SWGUpdateWeeklyRequest.m */; };
		049153571CDB65B500EAE9E0 /* SWGUploadFileResponse.h in Headers */ = {isa = PBXBuildFile; fileRef = 0491530B1CDB65B500EAE9E0 /* SWGUploadFileResponse.h */; };
		049153581CDB65B500EAE9E0 /* SWGUploadFileResponse.m in Sources */ = {isa = PBXBuildFile; fileRef = 0491530C1CDB65B500EAE9E0 /* SWGUploadFileResponse.m */; };
		049153591CDB65B500EAE9E0 /* SWGUser.h in Headers */ = {isa = PBXBuildFile; fileRef = 0491530D1CDB65B500EAE9E0 /* SWGUser.h */; };
		0491535A1CDB65B500EAE9E0 /* SWGUser.m in Sources */ = {isa = PBXBuildFile; fileRef = 0491530E1CDB65B500EAE9E0 /* SWGUser.m */; };
		0491535B1CDB65B500EAE9E0 /* SWGWeekly.h in Headers */ = {isa = PBXBuildFile; fileRef = 0491530F1CDB65B500EAE9E0 /* SWGWeekly.h */; };
		0491535C1CDB65B500EAE9E0 /* SWGWeekly.m in Sources */ = {isa = PBXBuildFile; fileRef = 049153101CDB65B500EAE9E0 /* SWGWeekly.m */; };
		0491535D1CDB65B500EAE9E0 /* SWGWeeklyApi.h in Headers */ = {isa = PBXBuildFile; fileRef = 049153111CDB65B500EAE9E0 /* SWGWeeklyApi.h */; };
		0491535E1CDB65B500EAE9E0 /* SWGWeeklyApi.m in Sources */ = {isa = PBXBuildFile; fileRef = 049153121CDB65B500EAE9E0 /* SWGWeeklyApi.m */; };
		0491535F1CDB65B500EAE9E0 /* SWGWeeklyListRequest.h in Headers */ = {isa = PBXBuildFile; fileRef = 049153131CDB65B500EAE9E0 /* SWGWeeklyListRequest.h */; };
		049153601CDB65B500EAE9E0 /* SWGWeeklyListRequest.m in Sources */ = {isa = PBXBuildFile; fileRef = 049153141CDB65B500EAE9E0 /* SWGWeeklyListRequest.m */; };
		049153611CDB65B500EAE9E0 /* SWGWeeklyListResponses.h in Headers */ = {isa = PBXBuildFile; fileRef = 049153151CDB65B500EAE9E0 /* SWGWeeklyListResponses.h */; };
		049153621CDB65B500EAE9E0 /* SWGWeeklyListResponses.m in Sources */ = {isa = PBXBuildFile; fileRef = 049153161CDB65B500EAE9E0 /* SWGWeeklyListResponses.m */; };
		04ECA6221CD33F1B00C2513A /* NoteBookSignService.h in Headers */ = {isa = PBXBuildFile; fileRef = 04ECA6211CD33F1B00C2513A /* NoteBookSignService.h */; };
		04ECA6241CD3401700C2513A /* NoteBookConfigure.h in Headers */ = {isa = PBXBuildFile; fileRef = 04ECA6231CD3401700C2513A /* NoteBookConfigure.h */; };
		2030B4601BFF1C1D00C96C6B /* code-gen in Resources */ = {isa = PBXBuildFile; fileRef = 2030B45A1BFF1C1D00C96C6B /* code-gen */; };
		2030B4631BFF1C1D00C96C6B /* swagger.json in Resources */ = {isa = PBXBuildFile; fileRef = 2030B45D1BFF1C1D00C96C6B /* swagger.json */; };
		2030B4641BFF1C1D00C96C6B /* swagger.sh in Resources */ = {isa = PBXBuildFile; fileRef = 2030B45E1BFF1C1D00C96C6B /* swagger.sh */; };
		2030B4651BFF1C1D00C96C6B /* swagger.yaml in Resources */ = {isa = PBXBuildFile; fileRef = 2030B45F1BFF1C1D00C96C6B /* swagger.yaml */; };
		2030B48D1BFF1D2B00C96C6B /* NoteBookLib_gen.h in Headers */ = {isa = PBXBuildFile; fileRef = 2030B47C1BFF1D2B00C96C6B /* NoteBookLib_gen.h */; };
		207555BC1C3FAE2A00253F7E /* NSString+Ext.h in Headers */ = {isa = PBXBuildFile; fileRef = 207555BA1C3FAE2A00253F7E /* NSString+Ext.h */; };
		207555BD1C3FAE2A00253F7E /* NSString+Ext.m in Sources */ = {isa = PBXBuildFile; fileRef = 207555BB1C3FAE2A00253F7E /* NSString+Ext.m */; };
		207555C01C3FAE9E00253F7E /* NSMutableString+Ext.h in Headers */ = {isa = PBXBuildFile; fileRef = 207555BE1C3FAE9E00253F7E /* NSMutableString+Ext.h */; };
		207555C11C3FAE9E00253F7E /* NSMutableString+Ext.m in Sources */ = {isa = PBXBuildFile; fileRef = 207555BF1C3FAE9E00253F7E /* NSMutableString+Ext.m */; };
		2075564E1C3FB31D00253F7E /* NoteBookSignService.m in Sources */ = {isa = PBXBuildFile; fileRef = 2075564C1C3FB31D00253F7E /* NoteBookSignService.m */; };
		207556511C3FB47800253F7E /* NoteBookWeeklyService.h in Headers */ = {isa = PBXBuildFile; fileRef = 2075564F1C3FB47800253F7E /* NoteBookWeeklyService.h */; };
		207556521C3FB47800253F7E /* NoteBookWeeklyService.m in Sources */ = {isa = PBXBuildFile; fileRef = 207556501C3FB47800253F7E /* NoteBookWeeklyService.m */; };
		2089CC551BFF12C500B80E5A /* NoteBookLib.h in Headers */ = {isa = PBXBuildFile; fileRef = 2089CC541BFF12C500B80E5A /* NoteBookLib.h */; };
		2089CC5B1BFF12C500B80E5A /* NoteBookLib.framework in Frameworks */ = {isa = PBXBuildFile; fileRef = 2089CC4F1BFF12C500B80E5A /* NoteBookLib.framework */; };
		2089CC621BFF12C500B80E5A /* NoteBookLibTests.m in Sources */ = {isa = PBXBuildFile; fileRef = 2089CC611BFF12C500B80E5A /* NoteBookLibTests.m */; };
		2089CC6D1BFF162100B80E5A /* Person.h in Headers */ = {isa = PBXBuildFile; fileRef = 2089CC6B1BFF162100B80E5A /* Person.h */; };
		2089CC6E1BFF162100B80E5A /* Person.m in Sources */ = {isa = PBXBuildFile; fileRef = 2089CC6C1BFF162100B80E5A /* Person.m */; };
		20D709BC1C0406F300F301AB /* NoteBookArticleService.h in Headers */ = {isa = PBXBuildFile; fileRef = 20D709BA1C0406F300F301AB /* NoteBookArticleService.h */; };
		20D709BD1C0406F300F301AB /* NoteBookArticleService.m in Sources */ = {isa = PBXBuildFile; fileRef = 20D709BB1C0406F300F301AB /* NoteBookArticleService.m */; };
		20D709C01C04437400F301AB /* SWGApi+RAC.h in Headers */ = {isa = PBXBuildFile; fileRef = 20D709BE1C04437400F301AB /* SWGApi+RAC.h */; };
		20D709C11C04437400F301AB /* SWGApi+RAC.m in Sources */ = {isa = PBXBuildFile; fileRef = 20D709BF1C04437400F301AB /* SWGApi+RAC.m */; };
		20D709C51C0C447F00F301AB /* NoteBookDALService.h in Headers */ = {isa = PBXBuildFile; fileRef = 20D709C31C0C447F00F301AB /* NoteBookDALService.h */; };
		20D709C61C0C447F00F301AB /* NoteBookDALService.m in Sources */ = {isa = PBXBuildFile; fileRef = 20D709C41C0C447F00F301AB /* NoteBookDALService.m */; };
		20D709C91C0C4BC500F301AB /* RACCommand+Ext.h in Headers */ = {isa = PBXBuildFile; fileRef = 20D709C71C0C4BC500F301AB /* RACCommand+Ext.h */; };
		20D709CA1C0C4BC500F301AB /* RACCommand+Ext.m in Sources */ = {isa = PBXBuildFile; fileRef = 20D709C81C0C4BC500F301AB /* RACCommand+Ext.m */; };
		20D709F91C0E9B2E00F301AB /* ErrorHandler.h in Headers */ = {isa = PBXBuildFile; fileRef = 20D709F51C0E9B2E00F301AB /* ErrorHandler.h */; };
		20D709FA1C0E9B2E00F301AB /* ErrorHandler.m in Sources */ = {isa = PBXBuildFile; fileRef = 20D709F61C0E9B2E00F301AB /* ErrorHandler.m */; };
		20D709FB1C0E9B2E00F301AB /* ErrorHandlerManager.h in Headers */ = {isa = PBXBuildFile; fileRef = 20D709F71C0E9B2E00F301AB /* ErrorHandlerManager.h */; };
		20D709FC1C0E9B2E00F301AB /* ErrorHandlerManager.m in Sources */ = {isa = PBXBuildFile; fileRef = 20D709F81C0E9B2E00F301AB /* ErrorHandlerManager.m */; };
		20D709FF1C0E9D2000F301AB /* RACSignal+Ext.h in Headers */ = {isa = PBXBuildFile; fileRef = 20D709FD1C0E9D2000F301AB /* RACSignal+Ext.h */; };
		20D70A001C0E9D2000F301AB /* RACSignal+Ext.m in Sources */ = {isa = PBXBuildFile; fileRef = 20D709FE1C0E9D2000F301AB /* RACSignal+Ext.m */; };
/* End PBXBuildFile section */

/* Begin PBXContainerItemProxy section */
		2089CC5C1BFF12C500B80E5A /* PBXContainerItemProxy */ = {
			isa = PBXContainerItemProxy;
			containerPortal = 2089CC461BFF12C500B80E5A /* Project object */;
			proxyType = 1;
			remoteGlobalIDString = 2089CC4E1BFF12C500B80E5A;
			remoteInfo = NoteBookLib;
		};
/* End PBXContainerItemProxy section */

/* Begin PBXFileReference section */
		049152CB1CDB65B500EAE9E0 /* JSONValueTransformer+ISO8601.h */ = {isa = PBXFileReference; fileEncoding = 4; lastKnownFileType = sourcecode.c.h; path = "JSONValueTransformer+ISO8601.h"; sourceTree = "<group>"; };
		049152CC1CDB65B500EAE9E0 /* JSONValueTransformer+ISO8601.m */ = {isa = PBXFileReference; fileEncoding = 4; lastKnownFileType = sourcecode.c.objc; path = "JSONValueTransformer+ISO8601.m"; sourceTree = "<group>"; };
		049152CD1CDB65B500EAE9E0 /* SWGAddArticleApi.h */ = {isa = PBXFileReference; fileEncoding = 4; lastKnownFileType = sourcecode.c.h; path = SWGAddArticleApi.h; sourceTree = "<group>"; };
		049152CE1CDB65B500EAE9E0 /* SWGAddArticleApi.m */ = {isa = PBXFileReference; fileEncoding = 4; lastKnownFileType = sourcecode.c.objc; path = SWGAddArticleApi.m; sourceTree = "<group>"; };
		049152CF1CDB65B500EAE9E0 /* SWGAddArticleResponses.h */ = {isa = PBXFileReference; fileEncoding = 4; lastKnownFileType = sourcecode.c.h; path = SWGAddArticleResponses.h; sourceTree = "<group>"; };
		049152D01CDB65B500EAE9E0 /* SWGAddArticleResponses.m */ = {isa = PBXFileReference; fileEncoding = 4; lastKnownFileType = sourcecode.c.objc; path = SWGAddArticleResponses.m; sourceTree = "<group>"; };
		049152D11CDB65B500EAE9E0 /* SWGAddWeeklyRequest.h */ = {isa = PBXFileReference; fileEncoding = 4; lastKnownFileType = sourcecode.c.h; path = SWGAddWeeklyRequest.h; sourceTree = "<group>"; };
		049152D21CDB65B500EAE9E0 /* SWGAddWeeklyRequest.m */ = {isa = PBXFileReference; fileEncoding = 4; lastKnownFileType = sourcecode.c.objc; path = SWGAddWeeklyRequest.m; sourceTree = "<group>"; };
		049152D31CDB65B500EAE9E0 /* SWGAddWeeklyResponses.h */ = {isa = PBXFileReference; fileEncoding = 4; lastKnownFileType = sourcecode.c.h; path = SWGAddWeeklyResponses.h; sourceTree = "<group>"; };
		049152D41CDB65B500EAE9E0 /* SWGAddWeeklyResponses.m */ = {isa = PBXFileReference; fileEncoding = 4; lastKnownFileType = sourcecode.c.objc; path = SWGAddWeeklyResponses.m; sourceTree = "<group>"; };
		049152D51CDB65B500EAE9E0 /* SWGAllArticleApi.h */ = {isa = PBXFileReference; fileEncoding = 4; lastKnownFileType = sourcecode.c.h; path = SWGAllArticleApi.h; sourceTree = "<group>"; };
		049152D61CDB65B500EAE9E0 /* SWGAllArticleApi.m */ = {isa = PBXFileReference; fileEncoding = 4; lastKnownFileType = sourcecode.c.objc; path = SWGAllArticleApi.m; sourceTree = "<group>"; };
		049152D71CDB65B500EAE9E0 /* SWGApi.h */ = {isa = PBXFileReference; fileEncoding = 4; lastKnownFileType = sourcecode.c.h; path = SWGApi.h; sourceTree = "<group>"; };
		049152D81CDB65B500EAE9E0 /* SWGApi.m */ = {isa = PBXFileReference; fileEncoding = 4; lastKnownFileType = sourcecode.c.objc; path = SWGApi.m; sourceTree = "<group>"; };
		049152D91CDB65B500EAE9E0 /* SWGApiClient.h */ = {isa = PBXFileReference; fileEncoding = 4; lastKnownFileType = sourcecode.c.h; path = SWGApiClient.h; sourceTree = "<group>"; };
		049152DA1CDB65B500EAE9E0 /* SWGApiClient.m */ = {isa = PBXFileReference; fileEncoding = 4; lastKnownFileType = sourcecode.c.objc; path = SWGApiClient.m; sourceTree = "<group>"; };
		049152DB1CDB65B500EAE9E0 /* SWGArticle.h */ = {isa = PBXFileReference; fileEncoding = 4; lastKnownFileType = sourcecode.c.h; path = SWGArticle.h; sourceTree = "<group>"; };
		049152DC1CDB65B500EAE9E0 /* SWGArticle.m */ = {isa = PBXFileReference; fileEncoding = 4; lastKnownFileType = sourcecode.c.objc; path = SWGArticle.m; sourceTree = "<group>"; };
		049152DD1CDB65B500EAE9E0 /* SWGArticleList.h */ = {isa = PBXFileReference; fileEncoding = 4; lastKnownFileType = sourcecode.c.h; path = SWGArticleList.h; sourceTree = "<group>"; };
		049152DE1CDB65B500EAE9E0 /* SWGArticleList.m */ = {isa = PBXFileReference; fileEncoding = 4; lastKnownFileType = sourcecode.c.objc; path = SWGArticleList.m; sourceTree = "<group>"; };
		049152DF1CDB65B500EAE9E0 /* SWGArticleListApi.h */ = {isa = PBXFileReference; fileEncoding = 4; lastKnownFileType = sourcecode.c.h; path = SWGArticleListApi.h; sourceTree = "<group>"; };
		049152E01CDB65B500EAE9E0 /* SWGArticleListApi.m */ = {isa = PBXFileReference; fileEncoding = 4; lastKnownFileType = sourcecode.c.objc; path = SWGArticleListApi.m; sourceTree = "<group>"; };
		049152E11CDB65B500EAE9E0 /* SWGConfiguration.h */ = {isa = PBXFileReference; fileEncoding = 4; lastKnownFileType = sourcecode.c.h; path = SWGConfiguration.h; sourceTree = "<group>"; };
		049152E21CDB65B500EAE9E0 /* SWGConfiguration.m */ = {isa = PBXFileReference; fileEncoding = 4; lastKnownFileType = sourcecode.c.objc; path = SWGConfiguration.m; sourceTree = "<group>"; };
		049152E31CDB65B500EAE9E0 /* SWGDeleteArticleApi.h */ = {isa = PBXFileReference; fileEncoding = 4; lastKnownFileType = sourcecode.c.h; path = SWGDeleteArticleApi.h; sourceTree = "<group>"; };
		049152E41CDB65B500EAE9E0 /* SWGDeleteArticleApi.m */ = {isa = PBXFileReference; fileEncoding = 4; lastKnownFileType = sourcecode.c.objc; path = SWGDeleteArticleApi.m; sourceTree = "<group>"; };
		049152E51CDB65B500EAE9E0 /* SWGDelWeeklyRequest.h */ = {isa = PBXFileReference; fileEncoding = 4; lastKnownFileType = sourcecode.c.h; path = SWGDelWeeklyRequest.h; sourceTree = "<group>"; };
		049152E61CDB65B500EAE9E0 /* SWGDelWeeklyRequest.m */ = {isa = PBXFileReference; fileEncoding = 4; lastKnownFileType = sourcecode.c.objc; path = SWGDelWeeklyRequest.m; sourceTree = "<group>"; };
		049152E71CDB65B500EAE9E0 /* SWGFile.h */ = {isa = PBXFileReference; fileEncoding = 4; lastKnownFileType = sourcecode.c.h; path = SWGFile.h; sourceTree = "<group>"; };
		049152E81CDB65B500EAE9E0 /* SWGFile.m */ = {isa = PBXFileReference; fileEncoding = 4; lastKnownFileType = sourcecode.c.objc; path = SWGFile.m; sourceTree = "<group>"; };
		049152E91CDB65B500EAE9E0 /* SWGGetArticleApi.h */ = {isa = PBXFileReference; fileEncoding = 4; lastKnownFileType = sourcecode.c.h; path = SWGGetArticleApi.h; sourceTree = "<group>"; };
		049152EA1CDB65B500EAE9E0 /* SWGGetArticleApi.m */ = {isa = PBXFileReference; fileEncoding = 4; lastKnownFileType = sourcecode.c.objc; path = SWGGetArticleApi.m; sourceTree = "<group>"; };
		049152EB1CDB65B500EAE9E0 /* SWGGetArticleByIdRequest.h */ = {isa = PBXFileReference; fileEncoding = 4; lastKnownFileType = sourcecode.c.h; path = SWGGetArticleByIdRequest.h; sourceTree = "<group>"; };
		049152EC1CDB65B500EAE9E0 /* SWGGetArticleByIdRequest.m */ = {isa = PBXFileReference; fileEncoding = 4; lastKnownFileType = sourcecode.c.objc; path = SWGGetArticleByIdRequest.m; sourceTree = "<group>"; };
		049152ED1CDB65B500EAE9E0 /* SWGId.h */ = {isa = PBXFileReference; fileEncoding = 4; lastKnownFileType = sourcecode.c.h; path = SWGId.h; sourceTree = "<group>"; };
		049152EE1CDB65B500EAE9E0 /* SWGId.m */ = {isa = PBXFileReference; fileEncoding = 4; lastKnownFileType = sourcecode.c.objc; path = SWGId.m; sourceTree = "<group>"; };
		049152EF1CDB65B500EAE9E0 /* SWGIdList.h */ = {isa = PBXFileReference; fileEncoding = 4; lastKnownFileType = sourcecode.c.h; path = SWGIdList.h; sourceTree = "<group>"; };
		049152F01CDB65B500EAE9E0 /* SWGIdList.m */ = {isa = PBXFileReference; fileEncoding = 4; lastKnownFileType = sourcecode.c.objc; path = SWGIdList.m; sourceTree = "<group>"; };
		049152F11CDB65B500EAE9E0 /* SWGIdListApi.h */ = {isa = PBXFileReference; fileEncoding = 4; lastKnownFileType = sourcecode.c.h; path = SWGIdListApi.h; sourceTree = "<group>"; };
		049152F21CDB65B500EAE9E0 /* SWGIdListApi.m */ = {isa = PBXFileReference; fileEncoding = 4; lastKnownFileType = sourcecode.c.objc; path = SWGIdListApi.m; sourceTree = "<group>"; };
		049152F31CDB65B500EAE9E0 /* SWGMakeUrlApi.h */ = {isa = PBXFileReference; fileEncoding = 4; lastKnownFileType = sourcecode.c.h; path = SWGMakeUrlApi.h; sourceTree = "<group>"; };
		049152F41CDB65B500EAE9E0 /* SWGMakeUrlApi.m */ = {isa = PBXFileReference; fileEncoding = 4; lastKnownFileType = sourcecode.c.objc; path = SWGMakeUrlApi.m; sourceTree = "<group>"; };
		049152F51CDB65B500EAE9E0 /* SWGMyWeeklyRequest.h */ = {isa = PBXFileReference; fileEncoding = 4; lastKnownFileType = sourcecode.c.h; path = SWGMyWeeklyRequest.h; sourceTree = "<group>"; };
		049152F61CDB65B500EAE9E0 /* SWGMyWeeklyRequest.m */ = {isa = PBXFileReference; fileEncoding = 4; lastKnownFileType = sourcecode.c.objc; path = SWGMyWeeklyRequest.m; sourceTree = "<group>"; };
		049152F71CDB65B500EAE9E0 /* SWGMyWeeklyResponses.h */ = {isa = PBXFileReference; fileEncoding = 4; lastKnownFileType = sourcecode.c.h; path = SWGMyWeeklyResponses.h; sourceTree = "<group>"; };
		049152F81CDB65B500EAE9E0 /* SWGMyWeeklyResponses.m */ = {isa = PBXFileReference; fileEncoding = 4; lastKnownFileType = sourcecode.c.objc; path = SWGMyWeeklyResponses.m; sourceTree = "<group>"; };
		049152F91CDB65B500EAE9E0 /* SWGObject.h */ = {isa = PBXFileReference; fileEncoding = 4; lastKnownFileType = sourcecode.c.h; path = SWGObject.h; sourceTree = "<group>"; };
		049152FA1CDB65B500EAE9E0 /* SWGObject.m */ = {isa = PBXFileReference; fileEncoding = 4; lastKnownFileType = sourcecode.c.objc; path = SWGObject.m; sourceTree = "<group>"; };
		049152FB1CDB65B500EAE9E0 /* SWGQueryParamCollection.h */ = {isa = PBXFileReference; fileEncoding = 4; lastKnownFileType = sourcecode.c.h; path = SWGQueryParamCollection.h; sourceTree = "<group>"; };
		049152FC1CDB65B500EAE9E0 /* SWGQueryParamCollection.m */ = {isa = PBXFileReference; fileEncoding = 4; lastKnownFileType = sourcecode.c.objc; path = SWGQueryParamCollection.m; sourceTree = "<group>"; };
		049152FD1CDB65B500EAE9E0 /* SWGResponses.h */ = {isa = PBXFileReference; fileEncoding = 4; lastKnownFileType = sourcecode.c.h; path = SWGResponses.h; sourceTree = "<group>"; };
		049152FE1CDB65B500EAE9E0 /* SWGResponses.m */ = {isa = PBXFileReference; fileEncoding = 4; lastKnownFileType = sourcecode.c.objc; path = SWGResponses.m; sourceTree = "<group>"; };
		049152FF1CDB65B500EAE9E0 /* SWGSignApi.h */ = {isa = PBXFileReference; fileEncoding = 4; lastKnownFileType = sourcecode.c.h; path = SWGSignApi.h; sourceTree = "<group>"; };
		049153001CDB65B500EAE9E0 /* SWGSignApi.m */ = {isa = PBXFileReference; fileEncoding = 4; lastKnownFileType = sourcecode.c.objc; path = SWGSignApi.m; sourceTree = "<group>"; };
		049153011CDB65B500EAE9E0 /* SWGSignRequest.h */ = {isa = PBXFileReference; fileEncoding = 4; lastKnownFileType = sourcecode.c.h; path = SWGSignRequest.h; sourceTree = "<group>"; };
		049153021CDB65B500EAE9E0 /* SWGSignRequest.m */ = {isa = PBXFileReference; fileEncoding = 4; lastKnownFileType = sourcecode.c.objc; path = SWGSignRequest.m; sourceTree = "<group>"; };
		049153031CDB65B500EAE9E0 /* SWGSignResponses.h */ = {isa = PBXFileReference; fileEncoding = 4; lastKnownFileType = sourcecode.c.h; path = SWGSignResponses.h; sourceTree = "<group>"; };
		049153041CDB65B500EAE9E0 /* SWGSignResponses.m */ = {isa = PBXFileReference; fileEncoding = 4; lastKnownFileType = sourcecode.c.objc; path = SWGSignResponses.m; sourceTree = "<group>"; };
		049153051CDB65B500EAE9E0 /* SWGUpdateArticleApi.h */ = {isa = PBXFileReference; fileEncoding = 4; lastKnownFileType = sourcecode.c.h; path = SWGUpdateArticleApi.h; sourceTree = "<group>"; };
		049153061CDB65B500EAE9E0 /* SWGUpdateArticleApi.m */ = {isa = PBXFileReference; fileEncoding = 4; lastKnownFileType = sourcecode.c.objc; path = SWGUpdateArticleApi.m; sourceTree = "<group>"; };
		049153071CDB65B500EAE9E0 /* SWGUpdateArticleResponses.h */ = {isa = PBXFileReference; fileEncoding = 4; lastKnownFileType = sourcecode.c.h; path = SWGUpdateArticleResponses.h; sourceTree = "<group>"; };
		049153081CDB65B500EAE9E0 /* SWGUpdateArticleResponses.m */ = {isa = PBXFileReference; fileEncoding = 4; lastKnownFileType = sourcecode.c.objc; path = SWGUpdateArticleResponses.m; sourceTree = "<group>"; };
		049153091CDB65B500EAE9E0 /* SWGUpdateWeeklyRequest.h */ = {isa = PBXFileReference; fileEncoding = 4; lastKnownFileType = sourcecode.c.h; path = SWGUpdateWeeklyRequest.h; sourceTree = "<group>"; };
		0491530A1CDB65B500EAE9E0 /* SWGUpdateWeeklyRequest.m */ = {isa = PBXFileReference; fileEncoding = 4; lastKnownFileType = sourcecode.c.objc; path = SWGUpdateWeeklyRequest.m; sourceTree = "<group>"; };
		0491530B1CDB65B500EAE9E0 /* SWGUploadFileResponse.h */ = {isa = PBXFileReference; fileEncoding = 4; lastKnownFileType = sourcecode.c.h; path = SWGUploadFileResponse.h; sourceTree = "<group>"; };
		0491530C1CDB65B500EAE9E0 /* SWGUploadFileResponse.m */ = {isa = PBXFileReference; fileEncoding = 4; lastKnownFileType = sourcecode.c.objc; path = SWGUploadFileResponse.m; sourceTree = "<group>"; };
		0491530D1CDB65B500EAE9E0 /* SWGUser.h */ = {isa = PBXFileReference; fileEncoding = 4; lastKnownFileType = sourcecode.c.h; path = SWGUser.h; sourceTree = "<group>"; };
		0491530E1CDB65B500EAE9E0 /* SWGUser.m */ = {isa = PBXFileReference; fileEncoding = 4; lastKnownFileType = sourcecode.c.objc; path = SWGUser.m; sourceTree = "<group>"; };
		0491530F1CDB65B500EAE9E0 /* SWGWeekly.h */ = {isa = PBXFileReference; fileEncoding = 4; lastKnownFileType = sourcecode.c.h; path = SWGWeekly.h; sourceTree = "<group>"; };
		049153101CDB65B500EAE9E0 /* SWGWeekly.m */ = {isa = PBXFileReference; fileEncoding = 4; lastKnownFileType = sourcecode.c.objc; path = SWGWeekly.m; sourceTree = "<group>"; };
		049153111CDB65B500EAE9E0 /* SWGWeeklyApi.h */ = {isa = PBXFileReference; fileEncoding = 4; lastKnownFileType = sourcecode.c.h; path = SWGWeeklyApi.h; sourceTree = "<group>"; };
		049153121CDB65B500EAE9E0 /* SWGWeeklyApi.m */ = {isa = PBXFileReference; fileEncoding = 4; lastKnownFileType = sourcecode.c.objc; path = SWGWeeklyApi.m; sourceTree = "<group>"; };
		049153131CDB65B500EAE9E0 /* SWGWeeklyListRequest.h */ = {isa = PBXFileReference; fileEncoding = 4; lastKnownFileType = sourcecode.c.h; path = SWGWeeklyListRequest.h; sourceTree = "<group>"; };
		049153141CDB65B500EAE9E0 /* SWGWeeklyListRequest.m */ = {isa = PBXFileReference; fileEncoding = 4; lastKnownFileType = sourcecode.c.objc; path = SWGWeeklyListRequest.m; sourceTree = "<group>"; };
		049153151CDB65B500EAE9E0 /* SWGWeeklyListResponses.h */ = {isa = PBXFileReference; fileEncoding = 4; lastKnownFileType = sourcecode.c.h; path = SWGWeeklyListResponses.h; sourceTree = "<group>"; };
		049153161CDB65B500EAE9E0 /* SWGWeeklyListResponses.m */ = {isa = PBXFileReference; fileEncoding = 4; lastKnownFileType = sourcecode.c.objc; path = SWGWeeklyListResponses.m; sourceTree = "<group>"; };
		04ECA6211CD33F1B00C2513A /* NoteBookSignService.h */ = {isa = PBXFileReference; fileEncoding = 4; lastKnownFileType = sourcecode.c.h; path = NoteBookSignService.h; sourceTree = "<group>"; };
		04ECA6231CD3401700C2513A /* NoteBookConfigure.h */ = {isa = PBXFileReference; fileEncoding = 4; lastKnownFileType = sourcecode.c.h; path = NoteBookConfigure.h; sourceTree = "<group>"; };
		2030B45A1BFF1C1D00C96C6B /* code-gen */ = {isa = PBXFileReference; fileEncoding = 4; lastKnownFileType = text.script.sh; path = "code-gen"; sourceTree = "<group>"; };
		2030B45B1BFF1C1D00C96C6B /* README.md */ = {isa = PBXFileReference; fileEncoding = 4; lastKnownFileType = net.daringfireball.markdown; path = README.md; sourceTree = "<group>"; };
		2030B45C1BFF1C1D00C96C6B /* swagger-codegen-cli.jar */ = {isa = PBXFileReference; lastKnownFileType = archive.jar; path = "swagger-codegen-cli.jar"; sourceTree = "<group>"; };
		2030B45D1BFF1C1D00C96C6B /* swagger.json */ = {isa = PBXFileReference; fileEncoding = 4; lastKnownFileType = text.json; path = swagger.json; sourceTree = "<group>"; };
		2030B45E1BFF1C1D00C96C6B /* swagger.sh */ = {isa = PBXFileReference; fileEncoding = 4; lastKnownFileType = text.script.sh; path = swagger.sh; sourceTree = "<group>"; };
		2030B45F1BFF1C1D00C96C6B /* swagger.yaml */ = {isa = PBXFileReference; fileEncoding = 4; lastKnownFileType = text; path = swagger.yaml; sourceTree = "<group>"; };
		2030B47C1BFF1D2B00C96C6B /* NoteBookLib_gen.h */ = {isa = PBXFileReference; fileEncoding = 4; lastKnownFileType = sourcecode.c.h; path = NoteBookLib_gen.h; sourceTree = "<group>"; };
		207555BA1C3FAE2A00253F7E /* NSString+Ext.h */ = {isa = PBXFileReference; fileEncoding = 4; lastKnownFileType = sourcecode.c.h; path = "NSString+Ext.h"; sourceTree = "<group>"; };
		207555BB1C3FAE2A00253F7E /* NSString+Ext.m */ = {isa = PBXFileReference; fileEncoding = 4; lastKnownFileType = sourcecode.c.objc; path = "NSString+Ext.m"; sourceTree = "<group>"; };
		207555BE1C3FAE9E00253F7E /* NSMutableString+Ext.h */ = {isa = PBXFileReference; fileEncoding = 4; lastKnownFileType = sourcecode.c.h; path = "NSMutableString+Ext.h"; sourceTree = "<group>"; };
		207555BF1C3FAE9E00253F7E /* NSMutableString+Ext.m */ = {isa = PBXFileReference; fileEncoding = 4; lastKnownFileType = sourcecode.c.objc; path = "NSMutableString+Ext.m"; sourceTree = "<group>"; };
		2075564C1C3FB31D00253F7E /* NoteBookSignService.m */ = {isa = PBXFileReference; fileEncoding = 4; lastKnownFileType = sourcecode.c.objc; path = NoteBookSignService.m; sourceTree = "<group>"; };
		2075564F1C3FB47800253F7E /* NoteBookWeeklyService.h */ = {isa = PBXFileReference; fileEncoding = 4; lastKnownFileType = sourcecode.c.h; path = NoteBookWeeklyService.h; sourceTree = "<group>"; };
		207556501C3FB47800253F7E /* NoteBookWeeklyService.m */ = {isa = PBXFileReference; fileEncoding = 4; lastKnownFileType = sourcecode.c.objc; path = NoteBookWeeklyService.m; sourceTree = "<group>"; };
		2089CC4F1BFF12C500B80E5A /* NoteBookLib.framework */ = {isa = PBXFileReference; explicitFileType = wrapper.framework; includeInIndex = 0; path = NoteBookLib.framework; sourceTree = BUILT_PRODUCTS_DIR; };
		2089CC531BFF12C500B80E5A /* Info.plist */ = {isa = PBXFileReference; lastKnownFileType = text.plist.xml; path = Info.plist; sourceTree = "<group>"; };
		2089CC541BFF12C500B80E5A /* NoteBookLib.h */ = {isa = PBXFileReference; lastKnownFileType = sourcecode.c.h; path = NoteBookLib.h; sourceTree = "<group>"; };
		2089CC5A1BFF12C500B80E5A /* NoteBookLibTests.xctest */ = {isa = PBXFileReference; explicitFileType = wrapper.cfbundle; includeInIndex = 0; path = NoteBookLibTests.xctest; sourceTree = BUILT_PRODUCTS_DIR; };
		2089CC601BFF12C500B80E5A /* Info.plist */ = {isa = PBXFileReference; lastKnownFileType = text.plist.xml; path = Info.plist; sourceTree = "<group>"; };
		2089CC611BFF12C500B80E5A /* NoteBookLibTests.m */ = {isa = PBXFileReference; lastKnownFileType = sourcecode.c.objc; path = NoteBookLibTests.m; sourceTree = "<group>"; };
		2089CC6B1BFF162100B80E5A /* Person.h */ = {isa = PBXFileReference; fileEncoding = 4; lastKnownFileType = sourcecode.c.h; path = Person.h; sourceTree = "<group>"; };
		2089CC6C1BFF162100B80E5A /* Person.m */ = {isa = PBXFileReference; fileEncoding = 4; lastKnownFileType = sourcecode.c.objc; path = Person.m; sourceTree = "<group>"; };
		20D709BA1C0406F300F301AB /* NoteBookArticleService.h */ = {isa = PBXFileReference; fileEncoding = 4; lastKnownFileType = sourcecode.c.h; path = NoteBookArticleService.h; sourceTree = "<group>"; };
		20D709BB1C0406F300F301AB /* NoteBookArticleService.m */ = {isa = PBXFileReference; fileEncoding = 4; lastKnownFileType = sourcecode.c.objc; path = NoteBookArticleService.m; sourceTree = "<group>"; };
		20D709BE1C04437400F301AB /* SWGApi+RAC.h */ = {isa = PBXFileReference; fileEncoding = 4; lastKnownFileType = sourcecode.c.h; path = "SWGApi+RAC.h"; sourceTree = "<group>"; };
		20D709BF1C04437400F301AB /* SWGApi+RAC.m */ = {isa = PBXFileReference; fileEncoding = 4; lastKnownFileType = sourcecode.c.objc; path = "SWGApi+RAC.m"; sourceTree = "<group>"; };
		20D709C31C0C447F00F301AB /* NoteBookDALService.h */ = {isa = PBXFileReference; fileEncoding = 4; lastKnownFileType = sourcecode.c.h; name = NoteBookDALService.h; path = services/NoteBookDALService.h; sourceTree = "<group>"; };
		20D709C41C0C447F00F301AB /* NoteBookDALService.m */ = {isa = PBXFileReference; fileEncoding = 4; lastKnownFileType = sourcecode.c.objc; name = NoteBookDALService.m; path = services/NoteBookDALService.m; sourceTree = "<group>"; };
		20D709C71C0C4BC500F301AB /* RACCommand+Ext.h */ = {isa = PBXFileReference; fileEncoding = 4; lastKnownFileType = sourcecode.c.h; path = "RACCommand+Ext.h"; sourceTree = "<group>"; };
		20D709C81C0C4BC500F301AB /* RACCommand+Ext.m */ = {isa = PBXFileReference; fileEncoding = 4; lastKnownFileType = sourcecode.c.objc; path = "RACCommand+Ext.m"; sourceTree = "<group>"; };
		20D709F51C0E9B2E00F301AB /* ErrorHandler.h */ = {isa = PBXFileReference; fileEncoding = 4; lastKnownFileType = sourcecode.c.h; path = ErrorHandler.h; sourceTree = "<group>"; };
		20D709F61C0E9B2E00F301AB /* ErrorHandler.m */ = {isa = PBXFileReference; fileEncoding = 4; lastKnownFileType = sourcecode.c.objc; path = ErrorHandler.m; sourceTree = "<group>"; };
		20D709F71C0E9B2E00F301AB /* ErrorHandlerManager.h */ = {isa = PBXFileReference; fileEncoding = 4; lastKnownFileType = sourcecode.c.h; path = ErrorHandlerManager.h; sourceTree = "<group>"; };
		20D709F81C0E9B2E00F301AB /* ErrorHandlerManager.m */ = {isa = PBXFileReference; fileEncoding = 4; lastKnownFileType = sourcecode.c.objc; path = ErrorHandlerManager.m; sourceTree = "<group>"; };
		20D709FD1C0E9D2000F301AB /* RACSignal+Ext.h */ = {isa = PBXFileReference; fileEncoding = 4; lastKnownFileType = sourcecode.c.h; path = "RACSignal+Ext.h"; sourceTree = "<group>"; };
		20D709FE1C0E9D2000F301AB /* RACSignal+Ext.m */ = {isa = PBXFileReference; fileEncoding = 4; lastKnownFileType = sourcecode.c.objc; path = "RACSignal+Ext.m"; sourceTree = "<group>"; };
		9234B40C30A5E8B194987D3B /* libPods-NoteBookLib.a */ = {isa = PBXFileReference; explicitFileType = archive.ar; includeInIndex = 0; path = "libPods-NoteBookLib.a"; sourceTree = BUILT_PRODUCTS_DIR; };
		94C902983DC7615D4AD08243 /* Pods-NoteBookLib.release.xcconfig */ = {isa = PBXFileReference; includeInIndex = 1; lastKnownFileType = text.xcconfig; name = "Pods-NoteBookLib.release.xcconfig"; path = "../Pods/Target Support Files/Pods-NoteBookLib/Pods-NoteBookLib.release.xcconfig"; sourceTree = "<group>"; };
		977D6C2B42BD4B3215218983 /* Pods-NoteBookLib.debug.xcconfig */ = {isa = PBXFileReference; includeInIndex = 1; lastKnownFileType = text.xcconfig; name = "Pods-NoteBookLib.debug.xcconfig"; path = "../Pods/Target Support Files/Pods-NoteBookLib/Pods-NoteBookLib.debug.xcconfig"; sourceTree = "<group>"; };
/* End PBXFileReference section */

/* Begin PBXFrameworksBuildPhase section */
		2089CC4B1BFF12C500B80E5A /* Frameworks */ = {
			isa = PBXFrameworksBuildPhase;
			buildActionMask = 2147483647;
			files = (
			);
			runOnlyForDeploymentPostprocessing = 0;
		};
		2089CC571BFF12C500B80E5A /* Frameworks */ = {
			isa = PBXFrameworksBuildPhase;
			buildActionMask = 2147483647;
			files = (
				2089CC5B1BFF12C500B80E5A /* NoteBookLib.framework in Frameworks */,
			);
			runOnlyForDeploymentPostprocessing = 0;
		};
/* End PBXFrameworksBuildPhase section */

/* Begin PBXGroup section */
		03E73A99B8144E7572A306B8 /* Pods */ = {
			isa = PBXGroup;
			children = (
				977D6C2B42BD4B3215218983 /* Pods-NoteBookLib.debug.xcconfig */,
				94C902983DC7615D4AD08243 /* Pods-NoteBookLib.release.xcconfig */,
			);
			name = Pods;
			sourceTree = "<group>";
		};
		049152CA1CDB65B500EAE9E0 /* noteApiSDK */ = {
			isa = PBXGroup;
			children = (
				049152CB1CDB65B500EAE9E0 /* JSONValueTransformer+ISO8601.h */,
				049152CC1CDB65B500EAE9E0 /* JSONValueTransformer+ISO8601.m */,
				049152CD1CDB65B500EAE9E0 /* SWGAddArticleApi.h */,
				049152CE1CDB65B500EAE9E0 /* SWGAddArticleApi.m */,
				049152CF1CDB65B500EAE9E0 /* SWGAddArticleResponses.h */,
				049152D01CDB65B500EAE9E0 /* SWGAddArticleResponses.m */,
				049152D11CDB65B500EAE9E0 /* SWGAddWeeklyRequest.h */,
				049152D21CDB65B500EAE9E0 /* SWGAddWeeklyRequest.m */,
				049152D31CDB65B500EAE9E0 /* SWGAddWeeklyResponses.h */,
				049152D41CDB65B500EAE9E0 /* SWGAddWeeklyResponses.m */,
				049152D51CDB65B500EAE9E0 /* SWGAllArticleApi.h */,
				049152D61CDB65B500EAE9E0 /* SWGAllArticleApi.m */,
				049152D71CDB65B500EAE9E0 /* SWGApi.h */,
				049152D81CDB65B500EAE9E0 /* SWGApi.m */,
				049152D91CDB65B500EAE9E0 /* SWGApiClient.h */,
				049152DA1CDB65B500EAE9E0 /* SWGApiClient.m */,
				049152DB1CDB65B500EAE9E0 /* SWGArticle.h */,
				049152DC1CDB65B500EAE9E0 /* SWGArticle.m */,
				049152DD1CDB65B500EAE9E0 /* SWGArticleList.h */,
				049152DE1CDB65B500EAE9E0 /* SWGArticleList.m */,
				049152DF1CDB65B500EAE9E0 /* SWGArticleListApi.h */,
				049152E01CDB65B500EAE9E0 /* SWGArticleListApi.m */,
				049152E11CDB65B500EAE9E0 /* SWGConfiguration.h */,
				049152E21CDB65B500EAE9E0 /* SWGConfiguration.m */,
				049152E31CDB65B500EAE9E0 /* SWGDeleteArticleApi.h */,
				049152E41CDB65B500EAE9E0 /* SWGDeleteArticleApi.m */,
				049152E51CDB65B500EAE9E0 /* SWGDelWeeklyRequest.h */,
				049152E61CDB65B500EAE9E0 /* SWGDelWeeklyRequest.m */,
				049152E71CDB65B500EAE9E0 /* SWGFile.h */,
				049152E81CDB65B500EAE9E0 /* SWGFile.m */,
				049152E91CDB65B500EAE9E0 /* SWGGetArticleApi.h */,
				049152EA1CDB65B500EAE9E0 /* SWGGetArticleApi.m */,
				049152EB1CDB65B500EAE9E0 /* SWGGetArticleByIdRequest.h */,
				049152EC1CDB65B500EAE9E0 /* SWGGetArticleByIdRequest.m */,
				049152ED1CDB65B500EAE9E0 /* SWGId.h */,
				049152EE1CDB65B500EAE9E0 /* SWGId.m */,
				049152EF1CDB65B500EAE9E0 /* SWGIdList.h */,
				049152F01CDB65B500EAE9E0 /* SWGIdList.m */,
				049152F11CDB65B500EAE9E0 /* SWGIdListApi.h */,
				049152F21CDB65B500EAE9E0 /* SWGIdListApi.m */,
				049152F31CDB65B500EAE9E0 /* SWGMakeUrlApi.h */,
				049152F41CDB65B500EAE9E0 /* SWGMakeUrlApi.m */,
				049152F51CDB65B500EAE9E0 /* SWGMyWeeklyRequest.h */,
				049152F61CDB65B500EAE9E0 /* SWGMyWeeklyRequest.m */,
				049152F71CDB65B500EAE9E0 /* SWGMyWeeklyResponses.h */,
				049152F81CDB65B500EAE9E0 /* SWGMyWeeklyResponses.m */,
				049152F91CDB65B500EAE9E0 /* SWGObject.h */,
				049152FA1CDB65B500EAE9E0 /* SWGObject.m */,
				049152FB1CDB65B500EAE9E0 /* SWGQueryParamCollection.h */,
				049152FC1CDB65B500EAE9E0 /* SWGQueryParamCollection.m */,
				049152FD1CDB65B500EAE9E0 /* SWGResponses.h */,
				049152FE1CDB65B500EAE9E0 /* SWGResponses.m */,
				049152FF1CDB65B500EAE9E0 /* SWGSignApi.h */,
				049153001CDB65B500EAE9E0 /* SWGSignApi.m */,
				049153011CDB65B500EAE9E0 /* SWGSignRequest.h */,
				049153021CDB65B500EAE9E0 /* SWGSignRequest.m */,
				049153031CDB65B500EAE9E0 /* SWGSignResponses.h */,
				049153041CDB65B500EAE9E0 /* SWGSignResponses.m */,
				049153051CDB65B500EAE9E0 /* SWGUpdateArticleApi.h */,
				049153061CDB65B500EAE9E0 /* SWGUpdateArticleApi.m */,
				049153071CDB65B500EAE9E0 /* SWGUpdateArticleResponses.h */,
				049153081CDB65B500EAE9E0 /* SWGUpdateArticleResponses.m */,
				049153091CDB65B500EAE9E0 /* SWGUpdateWeeklyRequest.h */,
				0491530A1CDB65B500EAE9E0 /* SWGUpdateWeeklyRequest.m */,
				0491530B1CDB65B500EAE9E0 /* SWGUploadFileResponse.h */,
				0491530C1CDB65B500EAE9E0 /* SWGUploadFileResponse.m */,
				0491530D1CDB65B500EAE9E0 /* SWGUser.h */,
				0491530E1CDB65B500EAE9E0 /* SWGUser.m */,
				0491530F1CDB65B500EAE9E0 /* SWGWeekly.h */,
				049153101CDB65B500EAE9E0 /* SWGWeekly.m */,
				049153111CDB65B500EAE9E0 /* SWGWeeklyApi.h */,
				049153121CDB65B500EAE9E0 /* SWGWeeklyApi.m */,
				049153131CDB65B500EAE9E0 /* SWGWeeklyListRequest.h */,
				049153141CDB65B500EAE9E0 /* SWGWeeklyListRequest.m */,
				049153151CDB65B500EAE9E0 /* SWGWeeklyListResponses.h */,
				049153161CDB65B500EAE9E0 /* SWGWeeklyListResponses.m */,
			);
			path = noteApiSDK;
			sourceTree = "<group>";
		};
		2030B4591BFF1C1D00C96C6B /* swagger_codegen */ = {
			isa = PBXGroup;
			children = (
				2030B45A1BFF1C1D00C96C6B /* code-gen */,
				2030B45B1BFF1C1D00C96C6B /* README.md */,
				2030B45C1BFF1C1D00C96C6B /* swagger-codegen-cli.jar */,
				2030B45D1BFF1C1D00C96C6B /* swagger.json */,
				2030B45E1BFF1C1D00C96C6B /* swagger.sh */,
				2030B45F1BFF1C1D00C96C6B /* swagger.yaml */,
			);
			path = swagger_codegen;
			sourceTree = "<group>";
		};
		2089CC451BFF12C500B80E5A = {
			isa = PBXGroup;
			children = (
				2030B4591BFF1C1D00C96C6B /* swagger_codegen */,
				2089CC511BFF12C500B80E5A /* NoteBookLib */,
				2089CC5E1BFF12C500B80E5A /* NoteBookLibTests */,
				2089CC501BFF12C500B80E5A /* Products */,
				03E73A99B8144E7572A306B8 /* Pods */,
				DDF7BFAEC09F788900B4A3A4 /* Frameworks */,
			);
			sourceTree = "<group>";
		};
		2089CC501BFF12C500B80E5A /* Products */ = {
			isa = PBXGroup;
			children = (
				2089CC4F1BFF12C500B80E5A /* NoteBookLib.framework */,
				2089CC5A1BFF12C500B80E5A /* NoteBookLibTests.xctest */,
			);
			name = Products;
			sourceTree = "<group>";
		};
		2089CC511BFF12C500B80E5A /* NoteBookLib */ = {
			isa = PBXGroup;
			children = (
				20D709C21C0C442200F301AB /* services */,
				2030B47C1BFF1D2B00C96C6B /* NoteBookLib_gen.h */,
				2089CC541BFF12C500B80E5A /* NoteBookLib.h */,
				04ECA6231CD3401700C2513A /* NoteBookConfigure.h */,
				20D709BE1C04437400F301AB /* SWGApi+RAC.h */,
				20D709BF1C04437400F301AB /* SWGApi+RAC.m */,
				20D709FD1C0E9D2000F301AB /* RACSignal+Ext.h */,
				20D709FE1C0E9D2000F301AB /* RACSignal+Ext.m */,
				207555BA1C3FAE2A00253F7E /* NSString+Ext.h */,
				207555BB1C3FAE2A00253F7E /* NSString+Ext.m */,
				207555BE1C3FAE9E00253F7E /* NSMutableString+Ext.h */,
				207555BF1C3FAE9E00253F7E /* NSMutableString+Ext.m */,
				20D709F41C0E9B2E00F301AB /* error_handling */,
				20D709C71C0C4BC500F301AB /* RACCommand+Ext.h */,
				20D709C81C0C4BC500F301AB /* RACCommand+Ext.m */,
				2089CC6B1BFF162100B80E5A /* Person.h */,
				2089CC6C1BFF162100B80E5A /* Person.m */,
				2089CC521BFF12C500B80E5A /* Supporting Files */,
			);
			path = NoteBookLib;
			sourceTree = "<group>";
		};
		2089CC521BFF12C500B80E5A /* Supporting Files */ = {
			isa = PBXGroup;
			children = (
				2089CC531BFF12C500B80E5A /* Info.plist */,
			);
			name = "Supporting Files";
			sourceTree = "<group>";
		};
		2089CC5E1BFF12C500B80E5A /* NoteBookLibTests */ = {
			isa = PBXGroup;
			children = (
				2089CC611BFF12C500B80E5A /* NoteBookLibTests.m */,
				2089CC5F1BFF12C500B80E5A /* Supporting Files */,
			);
			path = NoteBookLibTests;
			sourceTree = "<group>";
		};
		2089CC5F1BFF12C500B80E5A /* Supporting Files */ = {
			isa = PBXGroup;
			children = (
				2089CC601BFF12C500B80E5A /* Info.plist */,
			);
			name = "Supporting Files";
			sourceTree = "<group>";
		};
		20D709C21C0C442200F301AB /* services */ = {
			isa = PBXGroup;
			children = (
				049152CA1CDB65B500EAE9E0 /* noteApiSDK */,
				20D709C31C0C447F00F301AB /* NoteBookDALService.h */,
				20D709C41C0C447F00F301AB /* NoteBookDALService.m */,
				20D709BA1C0406F300F301AB /* NoteBookArticleService.h */,
				20D709BB1C0406F300F301AB /* NoteBookArticleService.m */,
				04ECA6211CD33F1B00C2513A /* NoteBookSignService.h */,
				2075564C1C3FB31D00253F7E /* NoteBookSignService.m */,
				2075564F1C3FB47800253F7E /* NoteBookWeeklyService.h */,
				207556501C3FB47800253F7E /* NoteBookWeeklyService.m */,
			);
			name = services;
			sourceTree = "<group>";
		};
		20D709F41C0E9B2E00F301AB /* error_handling */ = {
			isa = PBXGroup;
			children = (
				20D709F51C0E9B2E00F301AB /* ErrorHandler.h */,
				20D709F61C0E9B2E00F301AB /* ErrorHandler.m */,
				20D709F71C0E9B2E00F301AB /* ErrorHandlerManager.h */,
				20D709F81C0E9B2E00F301AB /* ErrorHandlerManager.m */,
			);
			path = error_handling;
			sourceTree = "<group>";
		};
		DDF7BFAEC09F788900B4A3A4 /* Frameworks */ = {
			isa = PBXGroup;
			children = (
				9234B40C30A5E8B194987D3B /* libPods-NoteBookLib.a */,
			);
			name = Frameworks;
			sourceTree = "<group>";
		};
/* End PBXGroup section */

/* Begin PBXHeadersBuildPhase section */
		2089CC4C1BFF12C500B80E5A /* Headers */ = {
			isa = PBXHeadersBuildPhase;
			buildActionMask = 2147483647;
			files = (
				0491534B1CDB65B500EAE9E0 /* SWGSignApi.h in Headers */,
				049153591CDB65B500EAE9E0 /* SWGUser.h in Headers */,
				0491532B1CDB65B500EAE9E0 /* SWGArticleListApi.h in Headers */,
				0491532F1CDB65B500EAE9E0 /* SWGDeleteArticleApi.h in Headers */,
				049153411CDB65B500EAE9E0 /* SWGMyWeeklyRequest.h in Headers */,
				20D709F91C0E9B2E00F301AB /* ErrorHandler.h in Headers */,
				049153531CDB65B500EAE9E0 /* SWGUpdateArticleResponses.h in Headers */,
				0491531D1CDB65B500EAE9E0 /* SWGAddWeeklyRequest.h in Headers */,
				2089CC551BFF12C500B80E5A /* NoteBookLib.h in Headers */,
				0491535B1CDB65B500EAE9E0 /* SWGWeekly.h in Headers */,
				0491535D1CDB65B500EAE9E0 /* SWGWeeklyApi.h in Headers */,
				2030B48D1BFF1D2B00C96C6B /* NoteBookLib_gen.h in Headers */,
				0491534D1CDB65B500EAE9E0 /* SWGSignRequest.h in Headers */,
				049153171CDB65B500EAE9E0 /* JSONValueTransformer+ISO8601.h in Headers */,
				0491531B1CDB65B500EAE9E0 /* SWGAddArticleResponses.h in Headers */,
				0491535F1CDB65B500EAE9E0 /* SWGWeeklyListRequest.h in Headers */,
				04ECA6221CD33F1B00C2513A /* NoteBookSignService.h in Headers */,
				0491533D1CDB65B500EAE9E0 /* SWGIdListApi.h in Headers */,
				049153611CDB65B500EAE9E0 /* SWGWeeklyListResponses.h in Headers */,
				049153351CDB65B500EAE9E0 /* SWGGetArticleApi.h in Headers */,
				20D709C91C0C4BC500F301AB /* RACCommand+Ext.h in Headers */,
				207555BC1C3FAE2A00253F7E /* NSString+Ext.h in Headers */,
				0491533F1CDB65B500EAE9E0 /* SWGMakeUrlApi.h in Headers */,
				04ECA6241CD3401700C2513A /* NoteBookConfigure.h in Headers */,
				049153551CDB65B500EAE9E0 /* SWGUpdateWeeklyRequest.h in Headers */,
				049153331CDB65B500EAE9E0 /* SWGFile.h in Headers */,
				049153491CDB65B500EAE9E0 /* SWGResponses.h in Headers */,
				20D709FF1C0E9D2000F301AB /* RACSignal+Ext.h in Headers */,
				20D709C01C04437400F301AB /* SWGApi+RAC.h in Headers */,
				20D709BC1C0406F300F301AB /* NoteBookArticleService.h in Headers */,
				2089CC6D1BFF162100B80E5A /* Person.h in Headers */,
				049153191CDB65B500EAE9E0 /* SWGAddArticleApi.h in Headers */,
				0491533B1CDB65B500EAE9E0 /* SWGIdList.h in Headers */,
				049153271CDB65B500EAE9E0 /* SWGArticle.h in Headers */,
				20D709FB1C0E9B2E00F301AB /* ErrorHandlerManager.h in Headers */,
				20D709C51C0C447F00F301AB /* NoteBookDALService.h in Headers */,
				049153431CDB65B500EAE9E0 /* SWGMyWeeklyResponses.h in Headers */,
				049153511CDB65B500EAE9E0 /* SWGUpdateArticleApi.h in Headers */,
				049153371CDB65B500EAE9E0 /* SWGGetArticleByIdRequest.h in Headers */,
				049153571CDB65B500EAE9E0 /* SWGUploadFileResponse.h in Headers */,
				049153311CDB65B500EAE9E0 /* SWGDelWeeklyRequest.h in Headers */,
				0491534F1CDB65B500EAE9E0 /* SWGSignResponses.h in Headers */,
				049153451CDB65B500EAE9E0 /* SWGObject.h in Headers */,
				049153211CDB65B500EAE9E0 /* SWGAllArticleApi.h in Headers */,
				207556511C3FB47800253F7E /* NoteBookWeeklyService.h in Headers */,
				0491531F1CDB65B500EAE9E0 /* SWGAddWeeklyResponses.h in Headers */,
				049153291CDB65B500EAE9E0 /* SWGArticleList.h in Headers */,
				207555C01C3FAE9E00253F7E /* NSMutableString+Ext.h in Headers */,
				049153471CDB65B500EAE9E0 /* SWGQueryParamCollection.h in Headers */,
				0491532D1CDB65B500EAE9E0 /* SWGConfiguration.h in Headers */,
				049153391CDB65B500EAE9E0 /* SWGId.h in Headers */,
				049153251CDB65B500EAE9E0 /* SWGApiClient.h in Headers */,
				049153231CDB65B500EAE9E0 /* SWGApi.h in Headers */,
			);
			runOnlyForDeploymentPostprocessing = 0;
		};
/* End PBXHeadersBuildPhase section */

/* Begin PBXNativeTarget section */
		2089CC4E1BFF12C500B80E5A /* NoteBookLib */ = {
			isa = PBXNativeTarget;
			buildConfigurationList = 2089CC651BFF12C500B80E5A /* Build configuration list for PBXNativeTarget "NoteBookLib" */;
			buildPhases = (
				C8B9703A942133D63EE12F0D /* Check Pods Manifest.lock */,
				2089CC4A1BFF12C500B80E5A /* Sources */,
				2089CC4B1BFF12C500B80E5A /* Frameworks */,
				2089CC4C1BFF12C500B80E5A /* Headers */,
				2089CC4D1BFF12C500B80E5A /* Resources */,
				20FC1106863B7C0900B96534 /* Copy Pods Resources */,
			);
			buildRules = (
			);
			dependencies = (
			);
			name = NoteBookLib;
			productName = NoteBookLib;
			productReference = 2089CC4F1BFF12C500B80E5A /* NoteBookLib.framework */;
			productType = "com.apple.product-type.framework";
		};
		2089CC591BFF12C500B80E5A /* NoteBookLibTests */ = {
			isa = PBXNativeTarget;
			buildConfigurationList = 2089CC681BFF12C500B80E5A /* Build configuration list for PBXNativeTarget "NoteBookLibTests" */;
			buildPhases = (
				2089CC561BFF12C500B80E5A /* Sources */,
				2089CC571BFF12C500B80E5A /* Frameworks */,
				2089CC581BFF12C500B80E5A /* Resources */,
			);
			buildRules = (
			);
			dependencies = (
				2089CC5D1BFF12C500B80E5A /* PBXTargetDependency */,
			);
			name = NoteBookLibTests;
			productName = NoteBookLibTests;
			productReference = 2089CC5A1BFF12C500B80E5A /* NoteBookLibTests.xctest */;
			productType = "com.apple.product-type.bundle.unit-test";
		};
/* End PBXNativeTarget section */

/* Begin PBXProject section */
		2089CC461BFF12C500B80E5A /* Project object */ = {
			isa = PBXProject;
			attributes = {
				LastUpgradeCheck = 0640;
				ORGANIZATIONNAME = dz;
				TargetAttributes = {
					2030B4661BFF1CD700C96C6B = {
						CreatedOnToolsVersion = 6.4;
					};
					2089CC4E1BFF12C500B80E5A = {
						CreatedOnToolsVersion = 6.4;
					};
					2089CC591BFF12C500B80E5A = {
						CreatedOnToolsVersion = 6.4;
					};
				};
			};
			buildConfigurationList = 2089CC491BFF12C500B80E5A /* Build configuration list for PBXProject "NoteBookLib" */;
			compatibilityVersion = "Xcode 3.2";
			developmentRegion = English;
			hasScannedForEncodings = 0;
			knownRegions = (
				en,
			);
			mainGroup = 2089CC451BFF12C500B80E5A;
			productRefGroup = 2089CC501BFF12C500B80E5A /* Products */;
			projectDirPath = "";
			projectRoot = "";
			targets = (
				2089CC4E1BFF12C500B80E5A /* NoteBookLib */,
				2089CC591BFF12C500B80E5A /* NoteBookLibTests */,
				2030B4661BFF1CD700C96C6B /* CreatNoteApiSDK */,
			);
		};
/* End PBXProject section */

/* Begin PBXResourcesBuildPhase section */
		2089CC4D1BFF12C500B80E5A /* Resources */ = {
			isa = PBXResourcesBuildPhase;
			buildActionMask = 2147483647;
			files = (
				2030B4631BFF1C1D00C96C6B /* swagger.json in Resources */,
				2030B4651BFF1C1D00C96C6B /* swagger.yaml in Resources */,
				2030B4641BFF1C1D00C96C6B /* swagger.sh in Resources */,
				2030B4601BFF1C1D00C96C6B /* code-gen in Resources */,
			);
			runOnlyForDeploymentPostprocessing = 0;
		};
		2089CC581BFF12C500B80E5A /* Resources */ = {
			isa = PBXResourcesBuildPhase;
			buildActionMask = 2147483647;
			files = (
			);
			runOnlyForDeploymentPostprocessing = 0;
		};
/* End PBXResourcesBuildPhase section */

/* Begin PBXShellScriptBuildPhase section */
		2030B46A1BFF1CDB00C96C6B /* ShellScript */ = {
			isa = PBXShellScriptBuildPhase;
			buildActionMask = 2147483647;
			files = (
			);
			inputPaths = (
			);
			outputPaths = (
			);
			runOnlyForDeploymentPostprocessing = 0;
			shellPath = /bin/sh;
			shellScript = "#! /bin/bash\nTMP_DIR=.\nDES_DIR=noteApiSDK\nTOOL_DIR=swagger_codegen\nGEN_HEADER=NoteBookLib_gen.h\n\necho \"Generating source codes into temp folder...\"\n$TOOL_DIR/code-gen $TOOL_DIR/swagger.json objc $TMP_DIR >/dev/null 2>&1\n\nif [[ $? == 0 ]]; then\necho \"Clean generated files...\"\nrm -f NoteBookLib/$GEN_HEADER\nrm -f NoteBookLib/$DES_DIR/*\n                           \n                           echo \"Generating $GEN_HEADER\"\n                           \n                           for file in $(ls \"$TMP_DIR/client\" | grep \\\\.h); do\n                           echo \"#import \\\"$DES_DIR/$file\\\"\" >> NoteBookLib/$GEN_HEADER\n                           done\n                           \n                           echo \"Moving generted files...\"\n                           mkdir -p \"NoteBookLib/$DES_DIR\"\n                           mv $TMP_DIR/client/* NoteBookLib/$DES_DIR/\n                           \n                           rm -r \"$TMP_DIR/client\"\n                           rm -f \"$TMP_DIR/Podfile\"\n                           fi\n";
		};
		20FC1106863B7C0900B96534 /* Copy Pods Resources */ = {
			isa = PBXShellScriptBuildPhase;
			buildActionMask = 2147483647;
			files = (
			);
			inputPaths = (
			);
			name = "Copy Pods Resources";
			outputPaths = (
			);
			runOnlyForDeploymentPostprocessing = 0;
			shellPath = /bin/sh;
			shellScript = "\"${SRCROOT}/../Pods/Target Support Files/Pods-NoteBookLib/Pods-NoteBookLib-resources.sh\"\n";
			showEnvVarsInLog = 0;
		};
		C8B9703A942133D63EE12F0D /* Check Pods Manifest.lock */ = {
			isa = PBXShellScriptBuildPhase;
			buildActionMask = 2147483647;
			files = (
			);
			inputPaths = (
			);
			name = "Check Pods Manifest.lock";
			outputPaths = (
			);
			runOnlyForDeploymentPostprocessing = 0;
			shellPath = /bin/sh;
			shellScript = "diff \"${PODS_ROOT}/../Podfile.lock\" \"${PODS_ROOT}/Manifest.lock\" > /dev/null\nif [[ $? != 0 ]] ; then\n    cat << EOM\nerror: The sandbox is not in sync with the Podfile.lock. Run 'pod install' or update your CocoaPods installation.\nEOM\n    exit 1\nfi\n";
			showEnvVarsInLog = 0;
		};
/* End PBXShellScriptBuildPhase section */

/* Begin PBXSourcesBuildPhase section */
		2089CC4A1BFF12C500B80E5A /* Sources */ = {
			isa = PBXSourcesBuildPhase;
			buildActionMask = 2147483647;
			files = (
				207555C11C3FAE9E00253F7E /* NSMutableString+Ext.m in Sources */,
				0491531A1CDB65B500EAE9E0 /* SWGAddArticleApi.m in Sources */,
				0491534A1CDB65B500EAE9E0 /* SWGResponses.m in Sources */,
				20D709FA1C0E9B2E00F301AB /* ErrorHandler.m in Sources */,
				049153581CDB65B500EAE9E0 /* SWGUploadFileResponse.m in Sources */,
				0491535E1CDB65B500EAE9E0 /* SWGWeeklyApi.m in Sources */,
				0491534C1CDB65B500EAE9E0 /* SWGSignApi.m in Sources */,
				0491535A1CDB65B500EAE9E0 /* SWGUser.m in Sources */,
				0491533C1CDB65B500EAE9E0 /* SWGIdList.m in Sources */,
				2089CC6E1BFF162100B80E5A /* Person.m in Sources */,
				0491531E1CDB65B500EAE9E0 /* SWGAddWeeklyRequest.m in Sources */,
				049153241CDB65B500EAE9E0 /* SWGApi.m in Sources */,
				049153341CDB65B500EAE9E0 /* SWGFile.m in Sources */,
				049153621CDB65B500EAE9E0 /* SWGWeeklyListResponses.m in Sources */,
				20D709BD1C0406F300F301AB /* NoteBookArticleService.m in Sources */,
				049153281CDB65B500EAE9E0 /* SWGArticle.m in Sources */,
				049153301CDB65B500EAE9E0 /* SWGDeleteArticleApi.m in Sources */,
				0491535C1CDB65B500EAE9E0 /* SWGWeekly.m in Sources */,
				049153561CDB65B500EAE9E0 /* SWGUpdateWeeklyRequest.m in Sources */,
				20D709CA1C0C4BC500F301AB /* RACCommand+Ext.m in Sources */,
				20D709C61C0C447F00F301AB /* NoteBookDALService.m in Sources */,
				049153181CDB65B500EAE9E0 /* JSONValueTransformer+ISO8601.m in Sources */,
				049153221CDB65B500EAE9E0 /* SWGAllArticleApi.m in Sources */,
				0491531C1CDB65B500EAE9E0 /* SWGAddArticleResponses.m in Sources */,
				049153321CDB65B500EAE9E0 /* SWGDelWeeklyRequest.m in Sources */,
				049153361CDB65B500EAE9E0 /* SWGGetArticleApi.m in Sources */,
				2075564E1C3FB31D00253F7E /* NoteBookSignService.m in Sources */,
				049153541CDB65B500EAE9E0 /* SWGUpdateArticleResponses.m in Sources */,
				0491533A1CDB65B500EAE9E0 /* SWGId.m in Sources */,
				0491532C1CDB65B500EAE9E0 /* SWGArticleListApi.m in Sources */,
				20D709FC1C0E9B2E00F301AB /* ErrorHandlerManager.m in Sources */,
				049153401CDB65B500EAE9E0 /* SWGMakeUrlApi.m in Sources */,
				049153601CDB65B500EAE9E0 /* SWGWeeklyListRequest.m in Sources */,
				049153381CDB65B500EAE9E0 /* SWGGetArticleByIdRequest.m in Sources */,
				20D70A001C0E9D2000F301AB /* RACSignal+Ext.m in Sources */,
				207556521C3FB47800253F7E /* NoteBookWeeklyService.m in Sources */,
				049153481CDB65B500EAE9E0 /* SWGQueryParamCollection.m in Sources */,
				049153461CDB65B500EAE9E0 /* SWGObject.m in Sources */,
				049153201CDB65B500EAE9E0 /* SWGAddWeeklyResponses.m in Sources */,
				207555BD1C3FAE2A00253F7E /* NSString+Ext.m in Sources */,
				049153421CDB65B500EAE9E0 /* SWGMyWeeklyRequest.m in Sources */,
				049153501CDB65B500EAE9E0 /* SWGSignResponses.m in Sources */,
				20D709C11C04437400F301AB /* SWGApi+RAC.m in Sources */,
				0491532A1CDB65B500EAE9E0 /* SWGArticleList.m in Sources */,
				049153521CDB65B500EAE9E0 /* SWGUpdateArticleApi.m in Sources */,
				049153441CDB65B500EAE9E0 /* SWGMyWeeklyResponses.m in Sources */,
				0491533E1CDB65B500EAE9E0 /* SWGIdListApi.m in Sources */,
				0491532E1CDB65B500EAE9E0 /* SWGConfiguration.m in Sources */,
				0491534E1CDB65B500EAE9E0 /* SWGSignRequest.m in Sources */,
				049153261CDB65B500EAE9E0 /* SWGApiClient.m in Sources */,
			);
			runOnlyForDeploymentPostprocessing = 0;
		};
		2089CC561BFF12C500B80E5A /* Sources */ = {
			isa = PBXSourcesBuildPhase;
			buildActionMask = 2147483647;
			files = (
				2089CC621BFF12C500B80E5A /* NoteBookLibTests.m in Sources */,
			);
			runOnlyForDeploymentPostprocessing = 0;
		};
/* End PBXSourcesBuildPhase section */

/* Begin PBXTargetDependency section */
		2089CC5D1BFF12C500B80E5A /* PBXTargetDependency */ = {
			isa = PBXTargetDependency;
			target = 2089CC4E1BFF12C500B80E5A /* NoteBookLib */;
			targetProxy = 2089CC5C1BFF12C500B80E5A /* PBXContainerItemProxy */;
		};
/* End PBXTargetDependency section */

/* Begin XCBuildConfiguration section */
		2030B4681BFF1CD700C96C6B /* Debug */ = {
			isa = XCBuildConfiguration;
			buildSettings = {
				PRODUCT_NAME = "$(TARGET_NAME)";
			};
			name = Debug;
		};
		2030B4691BFF1CD700C96C6B /* Release */ = {
			isa = XCBuildConfiguration;
			buildSettings = {
				PRODUCT_NAME = "$(TARGET_NAME)";
			};
			name = Release;
		};
		2089CC631BFF12C500B80E5A /* Debug */ = {
			isa = XCBuildConfiguration;
			buildSettings = {
				ALWAYS_SEARCH_USER_PATHS = NO;
				CLANG_CXX_LANGUAGE_STANDARD = "gnu++0x";
				CLANG_CXX_LIBRARY = "libc++";
				CLANG_ENABLE_MODULES = YES;
				CLANG_ENABLE_OBJC_ARC = YES;
				CLANG_WARN_BOOL_CONVERSION = YES;
				CLANG_WARN_CONSTANT_CONVERSION = YES;
				CLANG_WARN_DIRECT_OBJC_ISA_USAGE = YES_ERROR;
				CLANG_WARN_EMPTY_BODY = YES;
				CLANG_WARN_ENUM_CONVERSION = YES;
				CLANG_WARN_INT_CONVERSION = YES;
				CLANG_WARN_OBJC_ROOT_CLASS = YES_ERROR;
				CLANG_WARN_UNREACHABLE_CODE = YES;
				CLANG_WARN__DUPLICATE_METHOD_MATCH = YES;
				"CODE_SIGN_IDENTITY[sdk=iphoneos*]" = "iPhone Developer";
				COPY_PHASE_STRIP = NO;
				CURRENT_PROJECT_VERSION = 1;
				DEBUG_INFORMATION_FORMAT = "dwarf-with-dsym";
				ENABLE_STRICT_OBJC_MSGSEND = YES;
				GCC_C_LANGUAGE_STANDARD = gnu99;
				GCC_DYNAMIC_NO_PIC = NO;
				GCC_NO_COMMON_BLOCKS = YES;
				GCC_OPTIMIZATION_LEVEL = 0;
				GCC_PREPROCESSOR_DEFINITIONS = (
					"DEBUG=1",
					"$(inherited)",
				);
				GCC_SYMBOLS_PRIVATE_EXTERN = NO;
				GCC_WARN_64_TO_32_BIT_CONVERSION = YES;
				GCC_WARN_ABOUT_RETURN_TYPE = YES_ERROR;
				GCC_WARN_UNDECLARED_SELECTOR = YES;
				GCC_WARN_UNINITIALIZED_AUTOS = YES_AGGRESSIVE;
				GCC_WARN_UNUSED_FUNCTION = YES;
				GCC_WARN_UNUSED_VARIABLE = YES;
				IPHONEOS_DEPLOYMENT_TARGET = 7.0;
				MTL_ENABLE_DEBUG_INFO = YES;
				ONLY_ACTIVE_ARCH = YES;
				SDKROOT = iphoneos;
				TARGETED_DEVICE_FAMILY = "1,2";
				VERSIONING_SYSTEM = "apple-generic";
				VERSION_INFO_PREFIX = "";
			};
			name = Debug;
		};
		2089CC641BFF12C500B80E5A /* Release */ = {
			isa = XCBuildConfiguration;
			buildSettings = {
				ALWAYS_SEARCH_USER_PATHS = NO;
				CLANG_CXX_LANGUAGE_STANDARD = "gnu++0x";
				CLANG_CXX_LIBRARY = "libc++";
				CLANG_ENABLE_MODULES = YES;
				CLANG_ENABLE_OBJC_ARC = YES;
				CLANG_WARN_BOOL_CONVERSION = YES;
				CLANG_WARN_CONSTANT_CONVERSION = YES;
				CLANG_WARN_DIRECT_OBJC_ISA_USAGE = YES_ERROR;
				CLANG_WARN_EMPTY_BODY = YES;
				CLANG_WARN_ENUM_CONVERSION = YES;
				CLANG_WARN_INT_CONVERSION = YES;
				CLANG_WARN_OBJC_ROOT_CLASS = YES_ERROR;
				CLANG_WARN_UNREACHABLE_CODE = YES;
				CLANG_WARN__DUPLICATE_METHOD_MATCH = YES;
				"CODE_SIGN_IDENTITY[sdk=iphoneos*]" = "iPhone Developer";
				COPY_PHASE_STRIP = NO;
				CURRENT_PROJECT_VERSION = 1;
				DEBUG_INFORMATION_FORMAT = "dwarf-with-dsym";
				ENABLE_NS_ASSERTIONS = NO;
				ENABLE_STRICT_OBJC_MSGSEND = YES;
				GCC_C_LANGUAGE_STANDARD = gnu99;
				GCC_NO_COMMON_BLOCKS = YES;
				GCC_WARN_64_TO_32_BIT_CONVERSION = YES;
				GCC_WARN_ABOUT_RETURN_TYPE = YES_ERROR;
				GCC_WARN_UNDECLARED_SELECTOR = YES;
				GCC_WARN_UNINITIALIZED_AUTOS = YES_AGGRESSIVE;
				GCC_WARN_UNUSED_FUNCTION = YES;
				GCC_WARN_UNUSED_VARIABLE = YES;
				IPHONEOS_DEPLOYMENT_TARGET = 7.0;
				MTL_ENABLE_DEBUG_INFO = NO;
				SDKROOT = iphoneos;
				TARGETED_DEVICE_FAMILY = "1,2";
				VALIDATE_PRODUCT = YES;
				VERSIONING_SYSTEM = "apple-generic";
				VERSION_INFO_PREFIX = "";
			};
			name = Release;
		};
		2089CC661BFF12C500B80E5A /* Debug */ = {
			isa = XCBuildConfiguration;
			baseConfigurationReference = 977D6C2B42BD4B3215218983 /* Pods-NoteBookLib.debug.xcconfig */;
			buildSettings = {
				CODE_SIGN_IDENTITY = "iPhone Developer";
				DEFINES_MODULE = YES;
				DYLIB_COMPATIBILITY_VERSION = 1;
				DYLIB_CURRENT_VERSION = 1;
				DYLIB_INSTALL_NAME_BASE = "@rpath";
				FRAMEWORK_SEARCH_PATHS = (
					"$(PROJECT_DIR)",
					"$(inherited)",
				);
				INFOPLIST_FILE = NoteBookLib/Info.plist;
				INSTALL_PATH = "$(LOCAL_LIBRARY_DIR)/Frameworks";
				IPHONEOS_DEPLOYMENT_TARGET = 7.0;
				LD_RUNPATH_SEARCH_PATHS = "$(inherited) @executable_path/Frameworks @loader_path/Frameworks";
				MACH_O_TYPE = staticlib;
				PRODUCT_NAME = "$(TARGET_NAME)";
				SKIP_INSTALL = YES;
				TARGETED_DEVICE_FAMILY = "1,2";
			};
			name = Debug;
		};
		2089CC671BFF12C500B80E5A /* Release */ = {
			isa = XCBuildConfiguration;
			baseConfigurationReference = 94C902983DC7615D4AD08243 /* Pods-NoteBookLib.release.xcconfig */;
			buildSettings = {
				CODE_SIGN_IDENTITY = "iPhone Developer";
				DEFINES_MODULE = YES;
				DYLIB_COMPATIBILITY_VERSION = 1;
				DYLIB_CURRENT_VERSION = 1;
				DYLIB_INSTALL_NAME_BASE = "@rpath";
				FRAMEWORK_SEARCH_PATHS = (
					"$(PROJECT_DIR)",
					"$(inherited)",
				);
				INFOPLIST_FILE = NoteBookLib/Info.plist;
				INSTALL_PATH = "$(LOCAL_LIBRARY_DIR)/Frameworks";
				IPHONEOS_DEPLOYMENT_TARGET = 7.0;
				LD_RUNPATH_SEARCH_PATHS = "$(inherited) @executable_path/Frameworks @loader_path/Frameworks";
				MACH_O_TYPE = staticlib;
				PRODUCT_NAME = "$(TARGET_NAME)";
				SKIP_INSTALL = YES;
				TARGETED_DEVICE_FAMILY = "1,2";
			};
			name = Release;
		};
		2089CC691BFF12C500B80E5A /* Debug */ = {
			isa = XCBuildConfiguration;
			buildSettings = {
				FRAMEWORK_SEARCH_PATHS = (
					"$(SDKROOT)/Developer/Library/Frameworks",
					"$(inherited)",
				);
				GCC_PREPROCESSOR_DEFINITIONS = (
					"DEBUG=1",
					"$(inherited)",
				);
				INFOPLIST_FILE = NoteBookLibTests/Info.plist;
				LD_RUNPATH_SEARCH_PATHS = "$(inherited) @executable_path/Frameworks @loader_path/Frameworks";
				PRODUCT_NAME = "$(TARGET_NAME)";
			};
			name = Debug;
		};
		2089CC6A1BFF12C500B80E5A /* Release */ = {
			isa = XCBuildConfiguration;
			buildSettings = {
				FRAMEWORK_SEARCH_PATHS = (
					"$(SDKROOT)/Developer/Library/Frameworks",
					"$(inherited)",
				);
				INFOPLIST_FILE = NoteBookLibTests/Info.plist;
				LD_RUNPATH_SEARCH_PATHS = "$(inherited) @executable_path/Frameworks @loader_path/Frameworks";
				PRODUCT_NAME = "$(TARGET_NAME)";
			};
			name = Release;
		};
/* End XCBuildConfiguration section */

/* Begin XCConfigurationList section */
		2030B4671BFF1CD700C96C6B /* Build configuration list for PBXAggregateTarget "CreatNoteApiSDK" */ = {
			isa = XCConfigurationList;
			buildConfigurations = (
				2030B4681BFF1CD700C96C6B /* Debug */,
				2030B4691BFF1CD700C96C6B /* Release */,
			);
			defaultConfigurationIsVisible = 0;
			defaultConfigurationName = Release;
		};
		2089CC491BFF12C500B80E5A /* Build configuration list for PBXProject "NoteBookLib" */ = {
			isa = XCConfigurationList;
			buildConfigurations = (
				2089CC631BFF12C500B80E5A /* Debug */,
				2089CC641BFF12C500B80E5A /* Release */,
			);
			defaultConfigurationIsVisible = 0;
			defaultConfigurationName = Release;
		};
		2089CC651BFF12C500B80E5A /* Build configuration list for PBXNativeTarget "NoteBookLib" */ = {
			isa = XCConfigurationList;
			buildConfigurations = (
				2089CC661BFF12C500B80E5A /* Debug */,
				2089CC671BFF12C500B80E5A /* Release */,
			);
			defaultConfigurationIsVisible = 0;
			defaultConfigurationName = Release;
		};
		2089CC681BFF12C500B80E5A /* Build configuration list for PBXNativeTarget "NoteBookLibTests" */ = {
			isa = XCConfigurationList;
			buildConfigurations = (
				2089CC691BFF12C500B80E5A /* Debug */,
				2089CC6A1BFF12C500B80E5A /* Release */,
			);
			defaultConfigurationIsVisible = 0;
			defaultConfigurationName = Release;
		};
/* End XCConfigurationList section */
	};
	rootObject = 2089CC461BFF12C500B80E5A /* Project object */;
}
