// !$*UTF8*$!
{
	archiveVersion = 1;
	classes = {
	};
	objectVersion = 46;
	objects = {

/* Begin PBXAggregateTarget section */
		2030B4661BFF1CD700C96C6B /* CreatNoteApiSDK */ = {
			isa = PBXAggregateTarget;
			buildConfigurationList = 2030B4671BFF1CD700C96C6B /* Build configuration list for PBXAggregateTarget "CreatNoteApiSDK" */;
			buildPhases = (
				2030B46A1BFF1CDB00C96C6B /* ShellScript */,
			);
			dependencies = (
			);
			name = CreatNoteApiSDK;
			productName = CreatNoteApiSDK;
		};
/* End PBXAggregateTarget section */

/* Begin PBXBuildFile section */
		04ECA6221CD33F1B00C2513A /* NoteBookSignService.h in Headers */ = {isa = PBXBuildFile; fileRef = 04ECA6211CD33F1B00C2513A /* NoteBookSignService.h */; };
		04ECA6241CD3401700C2513A /* NoteBookConfigure.h in Headers */ = {isa = PBXBuildFile; fileRef = 04ECA6231CD3401700C2513A /* NoteBookConfigure.h */; };
		2030B4601BFF1C1D00C96C6B /* code-gen in Resources */ = {isa = PBXBuildFile; fileRef = 2030B45A1BFF1C1D00C96C6B /* code-gen */; };
		2030B4631BFF1C1D00C96C6B /* swagger.json in Resources */ = {isa = PBXBuildFile; fileRef = 2030B45D1BFF1C1D00C96C6B /* swagger.json */; };
		2030B4641BFF1C1D00C96C6B /* swagger.sh in Resources */ = {isa = PBXBuildFile; fileRef = 2030B45E1BFF1C1D00C96C6B /* swagger.sh */; };
		2030B4651BFF1C1D00C96C6B /* swagger.yaml in Resources */ = {isa = PBXBuildFile; fileRef = 2030B45F1BFF1C1D00C96C6B /* swagger.yaml */; };
		2030B48D1BFF1D2B00C96C6B /* NoteBookLib_gen.h in Headers */ = {isa = PBXBuildFile; fileRef = 2030B47C1BFF1D2B00C96C6B /* NoteBookLib_gen.h */; };
		20669D331C8590E5000ED690 /* JSONValueTransformer+ISO8601.h in Headers */ = {isa = PBXBuildFile; fileRef = 20669CE91C8590E4000ED690 /* JSONValueTransformer+ISO8601.h */; };
		20669D341C8590E5000ED690 /* JSONValueTransformer+ISO8601.m in Sources */ = {isa = PBXBuildFile; fileRef = 20669CEA1C8590E4000ED690 /* JSONValueTransformer+ISO8601.m */; };
		20669D351C8590E5000ED690 /* SWGAddArticleApi.h in Headers */ = {isa = PBXBuildFile; fileRef = 20669CEB1C8590E4000ED690 /* SWGAddArticleApi.h */; };
		20669D361C8590E5000ED690 /* SWGAddArticleApi.m in Sources */ = {isa = PBXBuildFile; fileRef = 20669CEC1C8590E4000ED690 /* SWGAddArticleApi.m */; };
		20669D371C8590E5000ED690 /* SWGAddArticleResponses.h in Headers */ = {isa = PBXBuildFile; fileRef = 20669CED1C8590E4000ED690 /* SWGAddArticleResponses.h */; };
		20669D381C8590E5000ED690 /* SWGAddArticleResponses.m in Sources */ = {isa = PBXBuildFile; fileRef = 20669CEE1C8590E4000ED690 /* SWGAddArticleResponses.m */; };
		20669D391C8590E5000ED690 /* SWGAddWeeklyRequest.h in Headers */ = {isa = PBXBuildFile; fileRef = 20669CEF1C8590E4000ED690 /* SWGAddWeeklyRequest.h */; };
		20669D3A1C8590E5000ED690 /* SWGAddWeeklyRequest.m in Sources */ = {isa = PBXBuildFile; fileRef = 20669CF01C8590E4000ED690 /* SWGAddWeeklyRequest.m */; };
		20669D3B1C8590E5000ED690 /* SWGAddWeeklyResponses.h in Headers */ = {isa = PBXBuildFile; fileRef = 20669CF11C8590E4000ED690 /* SWGAddWeeklyResponses.h */; };
		20669D3C1C8590E5000ED690 /* SWGAddWeeklyResponses.m in Sources */ = {isa = PBXBuildFile; fileRef = 20669CF21C8590E4000ED690 /* SWGAddWeeklyResponses.m */; };
		20669D3D1C8590E5000ED690 /* SWGAllArticleApi.h in Headers */ = {isa = PBXBuildFile; fileRef = 20669CF31C8590E4000ED690 /* SWGAllArticleApi.h */; };
		20669D3E1C8590E5000ED690 /* SWGAllArticleApi.m in Sources */ = {isa = PBXBuildFile; fileRef = 20669CF41C8590E4000ED690 /* SWGAllArticleApi.m */; };
		20669D3F1C8590E5000ED690 /* SWGApi.h in Headers */ = {isa = PBXBuildFile; fileRef = 20669CF51C8590E4000ED690 /* SWGApi.h */; };
		20669D401C8590E5000ED690 /* SWGApi.m in Sources */ = {isa = PBXBuildFile; fileRef = 20669CF61C8590E4000ED690 /* SWGApi.m */; };
		20669D411C8590E5000ED690 /* SWGApiClient.h in Headers */ = {isa = PBXBuildFile; fileRef = 20669CF71C8590E4000ED690 /* SWGApiClient.h */; };
		20669D421C8590E5000ED690 /* SWGApiClient.m in Sources */ = {isa = PBXBuildFile; fileRef = 20669CF81C8590E4000ED690 /* SWGApiClient.m */; };
		20669D431C8590E5000ED690 /* SWGArticle.h in Headers */ = {isa = PBXBuildFile; fileRef = 20669CF91C8590E4000ED690 /* SWGArticle.h */; };
		20669D441C8590E5000ED690 /* SWGArticle.m in Sources */ = {isa = PBXBuildFile; fileRef = 20669CFA1C8590E4000ED690 /* SWGArticle.m */; };
		20669D451C8590E5000ED690 /* SWGArticleList.h in Headers */ = {isa = PBXBuildFile; fileRef = 20669CFB1C8590E4000ED690 /* SWGArticleList.h */; };
		20669D461C8590E5000ED690 /* SWGArticleList.m in Sources */ = {isa = PBXBuildFile; fileRef = 20669CFC1C8590E4000ED690 /* SWGArticleList.m */; };
		20669D471C8590E5000ED690 /* SWGArticleListApi.h in Headers */ = {isa = PBXBuildFile; fileRef = 20669CFD1C8590E4000ED690 /* SWGArticleListApi.h */; };
		20669D481C8590E5000ED690 /* SWGArticleListApi.m in Sources */ = {isa = PBXBuildFile; fileRef = 20669CFE1C8590E4000ED690 /* SWGArticleListApi.m */; };
		20669D491C8590E5000ED690 /* SWGConfiguration.h in Headers */ = {isa = PBXBuildFile; fileRef = 20669CFF1C8590E4000ED690 /* SWGConfiguration.h */; };
		20669D4A1C8590E5000ED690 /* SWGConfiguration.m in Sources */ = {isa = PBXBuildFile; fileRef = 20669D001C8590E4000ED690 /* SWGConfiguration.m */; };
		20669D4B1C8590E5000ED690 /* SWGDeleteArticleApi.h in Headers */ = {isa = PBXBuildFile; fileRef = 20669D011C8590E4000ED690 /* SWGDeleteArticleApi.h */; };
		20669D4C1C8590E5000ED690 /* SWGDeleteArticleApi.m in Sources */ = {isa = PBXBuildFile; fileRef = 20669D021C8590E4000ED690 /* SWGDeleteArticleApi.m */; };
		20669D4D1C8590E5000ED690 /* SWGDelWeeklyRequest.h in Headers */ = {isa = PBXBuildFile; fileRef = 20669D031C8590E4000ED690 /* SWGDelWeeklyRequest.h */; };
		20669D4E1C8590E5000ED690 /* SWGDelWeeklyRequest.m in Sources */ = {isa = PBXBuildFile; fileRef = 20669D041C8590E4000ED690 /* SWGDelWeeklyRequest.m */; };
		20669D4F1C8590E5000ED690 /* SWGFile.h in Headers */ = {isa = PBXBuildFile; fileRef = 20669D051C8590E4000ED690 /* SWGFile.h */; };
		20669D501C8590E5000ED690 /* SWGFile.m in Sources */ = {isa = PBXBuildFile; fileRef = 20669D061C8590E4000ED690 /* SWGFile.m */; };
		20669D511C8590E5000ED690 /* SWGGetArticleApi.h in Headers */ = {isa = PBXBuildFile; fileRef = 20669D071C8590E4000ED690 /* SWGGetArticleApi.h */; };
		20669D521C8590E5000ED690 /* SWGGetArticleApi.m in Sources */ = {isa = PBXBuildFile; fileRef = 20669D081C8590E4000ED690 /* SWGGetArticleApi.m */; };
		20669D531C8590E5000ED690 /* SWGGetArticleByIdRequest.h in Headers */ = {isa = PBXBuildFile; fileRef = 20669D091C8590E4000ED690 /* SWGGetArticleByIdRequest.h */; };
		20669D541C8590E5000ED690 /* SWGGetArticleByIdRequest.m in Sources */ = {isa = PBXBuildFile; fileRef = 20669D0A1C8590E4000ED690 /* SWGGetArticleByIdRequest.m */; };
		20669D551C8590E5000ED690 /* SWGId.h in Headers */ = {isa = PBXBuildFile; fileRef = 20669D0B1C8590E4000ED690 /* SWGId.h */; };
		20669D561C8590E5000ED690 /* SWGId.m in Sources */ = {isa = PBXBuildFile; fileRef = 20669D0C1C8590E4000ED690 /* SWGId.m */; };
		20669D571C8590E5000ED690 /* SWGIdList.h in Headers */ = {isa = PBXBuildFile; fileRef = 20669D0D1C8590E4000ED690 /* SWGIdList.h */; };
		20669D581C8590E5000ED690 /* SWGIdList.m in Sources */ = {isa = PBXBuildFile; fileRef = 20669D0E1C8590E4000ED690 /* SWGIdList.m */; };
		20669D591C8590E5000ED690 /* SWGIdListApi.h in Headers */ = {isa = PBXBuildFile; fileRef = 20669D0F1C8590E4000ED690 /* SWGIdListApi.h */; };
		20669D5A1C8590E5000ED690 /* SWGIdListApi.m in Sources */ = {isa = PBXBuildFile; fileRef = 20669D101C8590E4000ED690 /* SWGIdListApi.m */; };
		20669D5B1C8590E5000ED690 /* SWGMakeUrlApi.h in Headers */ = {isa = PBXBuildFile; fileRef = 20669D111C8590E4000ED690 /* SWGMakeUrlApi.h */; };
		20669D5C1C8590E5000ED690 /* SWGMakeUrlApi.m in Sources */ = {isa = PBXBuildFile; fileRef = 20669D121C8590E4000ED690 /* SWGMakeUrlApi.m */; };
		20669D5D1C8590E5000ED690 /* SWGMyWeeklyRequest.h in Headers */ = {isa = PBXBuildFile; fileRef = 20669D131C8590E4000ED690 /* SWGMyWeeklyRequest.h */; };
		20669D5E1C8590E5000ED690 /* SWGMyWeeklyRequest.m in Sources */ = {isa = PBXBuildFile; fileRef = 20669D141C8590E4000ED690 /* SWGMyWeeklyRequest.m */; };
		20669D5F1C8590E5000ED690 /* SWGMyWeeklyResponses.h in Headers */ = {isa = PBXBuildFile; fileRef = 20669D151C8590E4000ED690 /* SWGMyWeeklyResponses.h */; };
		20669D601C8590E5000ED690 /* SWGMyWeeklyResponses.m in Sources */ = {isa = PBXBuildFile; fileRef = 20669D161C8590E4000ED690 /* SWGMyWeeklyResponses.m */; };
		20669D611C8590E5000ED690 /* SWGObject.h in Headers */ = {isa = PBXBuildFile; fileRef = 20669D171C8590E4000ED690 /* SWGObject.h */; };
		20669D621C8590E5000ED690 /* SWGObject.m in Sources */ = {isa = PBXBuildFile; fileRef = 20669D181C8590E4000ED690 /* SWGObject.m */; };
		20669D631C8590E5000ED690 /* SWGQueryParamCollection.h in Headers */ = {isa = PBXBuildFile; fileRef = 20669D191C8590E4000ED690 /* SWGQueryParamCollection.h */; };
		20669D641C8590E5000ED690 /* SWGQueryParamCollection.m in Sources */ = {isa = PBXBuildFile; fileRef = 20669D1A1C8590E4000ED690 /* SWGQueryParamCollection.m */; };
		20669D651C8590E5000ED690 /* SWGResponses.h in Headers */ = {isa = PBXBuildFile; fileRef = 20669D1B1C8590E4000ED690 /* SWGResponses.h */; };
		20669D661C8590E5000ED690 /* SWGResponses.m in Sources */ = {isa = PBXBuildFile; fileRef = 20669D1C1C8590E4000ED690 /* SWGResponses.m */; };
		20669D671C8590E5000ED690 /* SWGSignApi.h in Headers */ = {isa = PBXBuildFile; fileRef = 20669D1D1C8590E4000ED690 /* SWGSignApi.h */; };
		20669D681C8590E5000ED690 /* SWGSignApi.m in Sources */ = {isa = PBXBuildFile; fileRef = 20669D1E1C8590E4000ED690 /* SWGSignApi.m */; };
		20669D691C8590E5000ED690 /* SWGSignRequest.h in Headers */ = {isa = PBXBuildFile; fileRef = 20669D1F1C8590E4000ED690 /* SWGSignRequest.h */; };
		20669D6A1C8590E5000ED690 /* SWGSignRequest.m in Sources */ = {isa = PBXBuildFile; fileRef = 20669D201C8590E4000ED690 /* SWGSignRequest.m */; };
		20669D6B1C8590E5000ED690 /* SWGSignResponses.h in Headers */ = {isa = PBXBuildFile; fileRef = 20669D211C8590E4000ED690 /* SWGSignResponses.h */; };
		20669D6C1C8590E5000ED690 /* SWGSignResponses.m in Sources */ = {isa = PBXBuildFile; fileRef = 20669D221C8590E4000ED690 /* SWGSignResponses.m */; };
		20669D6D1C8590E5000ED690 /* SWGUpdateArticleApi.h in Headers */ = {isa = PBXBuildFile; fileRef = 20669D231C8590E4000ED690 /* SWGUpdateArticleApi.h */; };
		20669D6E1C8590E5000ED690 /* SWGUpdateArticleApi.m in Sources */ = {isa = PBXBuildFile; fileRef = 20669D241C8590E4000ED690 /* SWGUpdateArticleApi.m */; };
		20669D6F1C8590E5000ED690 /* SWGUpdateArticleResponses.h in Headers */ = {isa = PBXBuildFile; fileRef = 20669D251C8590E4000ED690 /* SWGUpdateArticleResponses.h */; };
		20669D701C8590E5000ED690 /* SWGUpdateArticleResponses.m in Sources */ = {isa = PBXBuildFile; fileRef = 20669D261C8590E4000ED690 /* SWGUpdateArticleResponses.m */; };
		20669D711C8590E5000ED690 /* SWGUpdateWeeklyRequest.h in Headers */ = {isa = PBXBuildFile; fileRef = 20669D271C8590E5000ED690 /* SWGUpdateWeeklyRequest.h */; };
		20669D721C8590E5000ED690 /* SWGUpdateWeeklyRequest.m in Sources */ = {isa = PBXBuildFile; fileRef = 20669D281C8590E5000ED690 /* SWGUpdateWeeklyRequest.m */; };
		20669D731C8590E5000ED690 /* SWGUser.h in Headers */ = {isa = PBXBuildFile; fileRef = 20669D291C8590E5000ED690 /* SWGUser.h */; };
		20669D741C8590E5000ED690 /* SWGUser.m in Sources */ = {isa = PBXBuildFile; fileRef = 20669D2A1C8590E5000ED690 /* SWGUser.m */; };
		20669D751C8590E5000ED690 /* SWGWeekly.h in Headers */ = {isa = PBXBuildFile; fileRef = 20669D2B1C8590E5000ED690 /* SWGWeekly.h */; };
		20669D761C8590E5000ED690 /* SWGWeekly.m in Sources */ = {isa = PBXBuildFile; fileRef = 20669D2C1C8590E5000ED690 /* SWGWeekly.m */; };
		20669D771C8590E5000ED690 /* SWGWeeklyApi.h in Headers */ = {isa = PBXBuildFile; fileRef = 20669D2D1C8590E5000ED690 /* SWGWeeklyApi.h */; };
		20669D781C8590E5000ED690 /* SWGWeeklyApi.m in Sources */ = {isa = PBXBuildFile; fileRef = 20669D2E1C8590E5000ED690 /* SWGWeeklyApi.m */; };
		20669D791C8590E5000ED690 /* SWGWeeklyListRequest.h in Headers */ = {isa = PBXBuildFile; fileRef = 20669D2F1C8590E5000ED690 /* SWGWeeklyListRequest.h */; };
		20669D7A1C8590E5000ED690 /* SWGWeeklyListRequest.m in Sources */ = {isa = PBXBuildFile; fileRef = 20669D301C8590E5000ED690 /* SWGWeeklyListRequest.m */; };
		20669D7B1C8590E5000ED690 /* SWGWeeklyListResponses.h in Headers */ = {isa = PBXBuildFile; fileRef = 20669D311C8590E5000ED690 /* SWGWeeklyListResponses.h */; };
		20669D7C1C8590E5000ED690 /* SWGWeeklyListResponses.m in Sources */ = {isa = PBXBuildFile; fileRef = 20669D321C8590E5000ED690 /* SWGWeeklyListResponses.m */; };
		207555BC1C3FAE2A00253F7E /* NSString+Ext.h in Headers */ = {isa = PBXBuildFile; fileRef = 207555BA1C3FAE2A00253F7E /* NSString+Ext.h */; };
		207555BD1C3FAE2A00253F7E /* NSString+Ext.m in Sources */ = {isa = PBXBuildFile; fileRef = 207555BB1C3FAE2A00253F7E /* NSString+Ext.m */; };
		207555C01C3FAE9E00253F7E /* NSMutableString+Ext.h in Headers */ = {isa = PBXBuildFile; fileRef = 207555BE1C3FAE9E00253F7E /* NSMutableString+Ext.h */; };
		207555C11C3FAE9E00253F7E /* NSMutableString+Ext.m in Sources */ = {isa = PBXBuildFile; fileRef = 207555BF1C3FAE9E00253F7E /* NSMutableString+Ext.m */; };
		2075564E1C3FB31D00253F7E /* NoteBookSignService.m in Sources */ = {isa = PBXBuildFile; fileRef = 2075564C1C3FB31D00253F7E /* NoteBookSignService.m */; };
		207556511C3FB47800253F7E /* NoteBookWeeklyService.h in Headers */ = {isa = PBXBuildFile; fileRef = 2075564F1C3FB47800253F7E /* NoteBookWeeklyService.h */; };
		207556521C3FB47800253F7E /* NoteBookWeeklyService.m in Sources */ = {isa = PBXBuildFile; fileRef = 207556501C3FB47800253F7E /* NoteBookWeeklyService.m */; };
		2089CC551BFF12C500B80E5A /* NoteBookLib.h in Headers */ = {isa = PBXBuildFile; fileRef = 2089CC541BFF12C500B80E5A /* NoteBookLib.h */; };
		2089CC5B1BFF12C500B80E5A /* NoteBookLib.framework in Frameworks */ = {isa = PBXBuildFile; fileRef = 2089CC4F1BFF12C500B80E5A /* NoteBookLib.framework */; };
		2089CC621BFF12C500B80E5A /* NoteBookLibTests.m in Sources */ = {isa = PBXBuildFile; fileRef = 2089CC611BFF12C500B80E5A /* NoteBookLibTests.m */; };
		2089CC6D1BFF162100B80E5A /* Person.h in Headers */ = {isa = PBXBuildFile; fileRef = 2089CC6B1BFF162100B80E5A /* Person.h */; };
		2089CC6E1BFF162100B80E5A /* Person.m in Sources */ = {isa = PBXBuildFile; fileRef = 2089CC6C1BFF162100B80E5A /* Person.m */; };
		20D709BC1C0406F300F301AB /* NoteBookArticleService.h in Headers */ = {isa = PBXBuildFile; fileRef = 20D709BA1C0406F300F301AB /* NoteBookArticleService.h */; };
		20D709BD1C0406F300F301AB /* NoteBookArticleService.m in Sources */ = {isa = PBXBuildFile; fileRef = 20D709BB1C0406F300F301AB /* NoteBookArticleService.m */; };
		20D709C01C04437400F301AB /* SWGApi+RAC.h in Headers */ = {isa = PBXBuildFile; fileRef = 20D709BE1C04437400F301AB /* SWGApi+RAC.h */; };
		20D709C11C04437400F301AB /* SWGApi+RAC.m in Sources */ = {isa = PBXBuildFile; fileRef = 20D709BF1C04437400F301AB /* SWGApi+RAC.m */; };
		20D709C51C0C447F00F301AB /* NoteBookDALService.h in Headers */ = {isa = PBXBuildFile; fileRef = 20D709C31C0C447F00F301AB /* NoteBookDALService.h */; };
		20D709C61C0C447F00F301AB /* NoteBookDALService.m in Sources */ = {isa = PBXBuildFile; fileRef = 20D709C41C0C447F00F301AB /* NoteBookDALService.m */; };
		20D709C91C0C4BC500F301AB /* RACCommand+Ext.h in Headers */ = {isa = PBXBuildFile; fileRef = 20D709C71C0C4BC500F301AB /* RACCommand+Ext.h */; };
		20D709CA1C0C4BC500F301AB /* RACCommand+Ext.m in Sources */ = {isa = PBXBuildFile; fileRef = 20D709C81C0C4BC500F301AB /* RACCommand+Ext.m */; };
		20D709F91C0E9B2E00F301AB /* ErrorHandler.h in Headers */ = {isa = PBXBuildFile; fileRef = 20D709F51C0E9B2E00F301AB /* ErrorHandler.h */; };
		20D709FA1C0E9B2E00F301AB /* ErrorHandler.m in Sources */ = {isa = PBXBuildFile; fileRef = 20D709F61C0E9B2E00F301AB /* ErrorHandler.m */; };
		20D709FB1C0E9B2E00F301AB /* ErrorHandlerManager.h in Headers */ = {isa = PBXBuildFile; fileRef = 20D709F71C0E9B2E00F301AB /* ErrorHandlerManager.h */; };
		20D709FC1C0E9B2E00F301AB /* ErrorHandlerManager.m in Sources */ = {isa = PBXBuildFile; fileRef = 20D709F81C0E9B2E00F301AB /* ErrorHandlerManager.m */; };
		20D709FF1C0E9D2000F301AB /* RACSignal+Ext.h in Headers */ = {isa = PBXBuildFile; fileRef = 20D709FD1C0E9D2000F301AB /* RACSignal+Ext.h */; };
		20D70A001C0E9D2000F301AB /* RACSignal+Ext.m in Sources */ = {isa = PBXBuildFile; fileRef = 20D709FE1C0E9D2000F301AB /* RACSignal+Ext.m */; };
/* End PBXBuildFile section */

/* Begin PBXContainerItemProxy section */
		2089CC5C1BFF12C500B80E5A /* PBXContainerItemProxy */ = {
			isa = PBXContainerItemProxy;
			containerPortal = 2089CC461BFF12C500B80E5A /* Project object */;
			proxyType = 1;
			remoteGlobalIDString = 2089CC4E1BFF12C500B80E5A;
			remoteInfo = NoteBookLib;
		};
/* End PBXContainerItemProxy section */

/* Begin PBXFileReference section */
		04ECA6211CD33F1B00C2513A /* NoteBookSignService.h */ = {isa = PBXFileReference; fileEncoding = 4; lastKnownFileType = sourcecode.c.h; path = NoteBookSignService.h; sourceTree = "<group>"; };
		04ECA6231CD3401700C2513A /* NoteBookConfigure.h */ = {isa = PBXFileReference; fileEncoding = 4; lastKnownFileType = sourcecode.c.h; path = NoteBookConfigure.h; sourceTree = "<group>"; };
		2030B45A1BFF1C1D00C96C6B /* code-gen */ = {isa = PBXFileReference; fileEncoding = 4; lastKnownFileType = text.script.sh; path = "code-gen"; sourceTree = "<group>"; };
		2030B45B1BFF1C1D00C96C6B /* README.md */ = {isa = PBXFileReference; fileEncoding = 4; lastKnownFileType = net.daringfireball.markdown; path = README.md; sourceTree = "<group>"; };
		2030B45C1BFF1C1D00C96C6B /* swagger-codegen-cli.jar */ = {isa = PBXFileReference; lastKnownFileType = archive.jar; path = "swagger-codegen-cli.jar"; sourceTree = "<group>"; };
		2030B45D1BFF1C1D00C96C6B /* swagger.json */ = {isa = PBXFileReference; fileEncoding = 4; lastKnownFileType = text.json; path = swagger.json; sourceTree = "<group>"; };
		2030B45E1BFF1C1D00C96C6B /* swagger.sh */ = {isa = PBXFileReference; fileEncoding = 4; lastKnownFileType = text.script.sh; path = swagger.sh; sourceTree = "<group>"; };
		2030B45F1BFF1C1D00C96C6B /* swagger.yaml */ = {isa = PBXFileReference; fileEncoding = 4; lastKnownFileType = text; path = swagger.yaml; sourceTree = "<group>"; };
		2030B47C1BFF1D2B00C96C6B /* NoteBookLib_gen.h */ = {isa = PBXFileReference; fileEncoding = 4; lastKnownFileType = sourcecode.c.h; path = NoteBookLib_gen.h; sourceTree = "<group>"; };
		20669CE91C8590E4000ED690 /* JSONValueTransformer+ISO8601.h */ = {isa = PBXFileReference; fileEncoding = 4; lastKnownFileType = sourcecode.c.h; path = "JSONValueTransformer+ISO8601.h"; sourceTree = "<group>"; };
		20669CEA1C8590E4000ED690 /* JSONValueTransformer+ISO8601.m */ = {isa = PBXFileReference; fileEncoding = 4; lastKnownFileType = sourcecode.c.objc; path = "JSONValueTransformer+ISO8601.m"; sourceTree = "<group>"; };
		20669CEB1C8590E4000ED690 /* SWGAddArticleApi.h */ = {isa = PBXFileReference; fileEncoding = 4; lastKnownFileType = sourcecode.c.h; path = SWGAddArticleApi.h; sourceTree = "<group>"; };
		20669CEC1C8590E4000ED690 /* SWGAddArticleApi.m */ = {isa = PBXFileReference; fileEncoding = 4; lastKnownFileType = sourcecode.c.objc; path = SWGAddArticleApi.m; sourceTree = "<group>"; };
		20669CED1C8590E4000ED690 /* SWGAddArticleResponses.h */ = {isa = PBXFileReference; fileEncoding = 4; lastKnownFileType = sourcecode.c.h; path = SWGAddArticleResponses.h; sourceTree = "<group>"; };
		20669CEE1C8590E4000ED690 /* SWGAddArticleResponses.m */ = {isa = PBXFileReference; fileEncoding = 4; lastKnownFileType = sourcecode.c.objc; path = SWGAddArticleResponses.m; sourceTree = "<group>"; };
		20669CEF1C8590E4000ED690 /* SWGAddWeeklyRequest.h */ = {isa = PBXFileReference; fileEncoding = 4; lastKnownFileType = sourcecode.c.h; path = SWGAddWeeklyRequest.h; sourceTree = "<group>"; };
		20669CF01C8590E4000ED690 /* SWGAddWeeklyRequest.m */ = {isa = PBXFileReference; fileEncoding = 4; lastKnownFileType = sourcecode.c.objc; path = SWGAddWeeklyRequest.m; sourceTree = "<group>"; };
		20669CF11C8590E4000ED690 /* SWGAddWeeklyResponses.h */ = {isa = PBXFileReference; fileEncoding = 4; lastKnownFileType = sourcecode.c.h; path = SWGAddWeeklyResponses.h; sourceTree = "<group>"; };
		20669CF21C8590E4000ED690 /* SWGAddWeeklyResponses.m */ = {isa = PBXFileReference; fileEncoding = 4; lastKnownFileType = sourcecode.c.objc; path = SWGAddWeeklyResponses.m; sourceTree = "<group>"; };
		20669CF31C8590E4000ED690 /* SWGAllArticleApi.h */ = {isa = PBXFileReference; fileEncoding = 4; lastKnownFileType = sourcecode.c.h; path = SWGAllArticleApi.h; sourceTree = "<group>"; };
		20669CF41C8590E4000ED690 /* SWGAllArticleApi.m */ = {isa = PBXFileReference; fileEncoding = 4; lastKnownFileType = sourcecode.c.objc; path = SWGAllArticleApi.m; sourceTree = "<group>"; };
		20669CF51C8590E4000ED690 /* SWGApi.h */ = {isa = PBXFileReference; fileEncoding = 4; lastKnownFileType = sourcecode.c.h; path = SWGApi.h; sourceTree = "<group>"; };
		20669CF61C8590E4000ED690 /* SWGApi.m */ = {isa = PBXFileReference; fileEncoding = 4; lastKnownFileType = sourcecode.c.objc; path = SWGApi.m; sourceTree = "<group>"; };
		20669CF71C8590E4000ED690 /* SWGApiClient.h */ = {isa = PBXFileReference; fileEncoding = 4; lastKnownFileType = sourcecode.c.h; path = SWGApiClient.h; sourceTree = "<group>"; };
		20669CF81C8590E4000ED690 /* SWGApiClient.m */ = {isa = PBXFileReference; fileEncoding = 4; lastKnownFileType = sourcecode.c.objc; path = SWGApiClient.m; sourceTree = "<group>"; };
		20669CF91C8590E4000ED690 /* SWGArticle.h */ = {isa = PBXFileReference; fileEncoding = 4; lastKnownFileType = sourcecode.c.h; path = SWGArticle.h; sourceTree = "<group>"; };
		20669CFA1C8590E4000ED690 /* SWGArticle.m */ = {isa = PBXFileReference; fileEncoding = 4; lastKnownFileType = sourcecode.c.objc; path = SWGArticle.m; sourceTree = "<group>"; };
		20669CFB1C8590E4000ED690 /* SWGArticleList.h */ = {isa = PBXFileReference; fileEncoding = 4; lastKnownFileType = sourcecode.c.h; path = SWGArticleList.h; sourceTree = "<group>"; };
		20669CFC1C8590E4000ED690 /* SWGArticleList.m */ = {isa = PBXFileReference; fileEncoding = 4; lastKnownFileType = sourcecode.c.objc; path = SWGArticleList.m; sourceTree = "<group>"; };
		20669CFD1C8590E4000ED690 /* SWGArticleListApi.h */ = {isa = PBXFileReference; fileEncoding = 4; lastKnownFileType = sourcecode.c.h; path = SWGArticleListApi.h; sourceTree = "<group>"; };
		20669CFE1C8590E4000ED690 /* SWGArticleListApi.m */ = {isa = PBXFileReference; fileEncoding = 4; lastKnownFileType = sourcecode.c.objc; path = SWGArticleListApi.m; sourceTree = "<group>"; };
		20669CFF1C8590E4000ED690 /* SWGConfiguration.h */ = {isa = PBXFileReference; fileEncoding = 4; lastKnownFileType = sourcecode.c.h; path = SWGConfiguration.h; sourceTree = "<group>"; };
		20669D001C8590E4000ED690 /* SWGConfiguration.m */ = {isa = PBXFileReference; fileEncoding = 4; lastKnownFileType = sourcecode.c.objc; path = SWGConfiguration.m; sourceTree = "<group>"; };
		20669D011C8590E4000ED690 /* SWGDeleteArticleApi.h */ = {isa = PBXFileReference; fileEncoding = 4; lastKnownFileType = sourcecode.c.h; path = SWGDeleteArticleApi.h; sourceTree = "<group>"; };
		20669D021C8590E4000ED690 /* SWGDeleteArticleApi.m */ = {isa = PBXFileReference; fileEncoding = 4; lastKnownFileType = sourcecode.c.objc; path = SWGDeleteArticleApi.m; sourceTree = "<group>"; };
		20669D031C8590E4000ED690 /* SWGDelWeeklyRequest.h */ = {isa = PBXFileReference; fileEncoding = 4; lastKnownFileType = sourcecode.c.h; path = SWGDelWeeklyRequest.h; sourceTree = "<group>"; };
		20669D041C8590E4000ED690 /* SWGDelWeeklyRequest.m */ = {isa = PBXFileReference; fileEncoding = 4; lastKnownFileType = sourcecode.c.objc; path = SWGDelWeeklyRequest.m; sourceTree = "<group>"; };
		20669D051C8590E4000ED690 /* SWGFile.h */ = {isa = PBXFileReference; fileEncoding = 4; lastKnownFileType = sourcecode.c.h; path = SWGFile.h; sourceTree = "<group>"; };
		20669D061C8590E4000ED690 /* SWGFile.m */ = {isa = PBXFileReference; fileEncoding = 4; lastKnownFileType = sourcecode.c.objc; path = SWGFile.m; sourceTree = "<group>"; };
		20669D071C8590E4000ED690 /* SWGGetArticleApi.h */ = {isa = PBXFileReference; fileEncoding = 4; lastKnownFileType = sourcecode.c.h; path = SWGGetArticleApi.h; sourceTree = "<group>"; };
		20669D081C8590E4000ED690 /* SWGGetArticleApi.m */ = {isa = PBXFileReference; fileEncoding = 4; lastKnownFileType = sourcecode.c.objc; path = SWGGetArticleApi.m; sourceTree = "<group>"; };
		20669D091C8590E4000ED690 /* SWGGetArticleByIdRequest.h */ = {isa = PBXFileReference; fileEncoding = 4; lastKnownFileType = sourcecode.c.h; path = SWGGetArticleByIdRequest.h; sourceTree = "<group>"; };
		20669D0A1C8590E4000ED690 /* SWGGetArticleByIdRequest.m */ = {isa = PBXFileReference; fileEncoding = 4; lastKnownFileType = sourcecode.c.objc; path = SWGGetArticleByIdRequest.m; sourceTree = "<group>"; };
		20669D0B1C8590E4000ED690 /* SWGId.h */ = {isa = PBXFileReference; fileEncoding = 4; lastKnownFileType = sourcecode.c.h; path = SWGId.h; sourceTree = "<group>"; };
		20669D0C1C8590E4000ED690 /* SWGId.m */ = {isa = PBXFileReference; fileEncoding = 4; lastKnownFileType = sourcecode.c.objc; path = SWGId.m; sourceTree = "<group>"; };
		20669D0D1C8590E4000ED690 /* SWGIdList.h */ = {isa = PBXFileReference; fileEncoding = 4; lastKnownFileType = sourcecode.c.h; path = SWGIdList.h; sourceTree = "<group>"; };
		20669D0E1C8590E4000ED690 /* SWGIdList.m */ = {isa = PBXFileReference; fileEncoding = 4; lastKnownFileType = sourcecode.c.objc; path = SWGIdList.m; sourceTree = "<group>"; };
		20669D0F1C8590E4000ED690 /* SWGIdListApi.h */ = {isa = PBXFileReference; fileEncoding = 4; lastKnownFileType = sourcecode.c.h; path = SWGIdListApi.h; sourceTree = "<group>"; };
		20669D101C8590E4000ED690 /* SWGIdListApi.m */ = {isa = PBXFileReference; fileEncoding = 4; lastKnownFileType = sourcecode.c.objc; path = SWGIdListApi.m; sourceTree = "<group>"; };
		20669D111C8590E4000ED690 /* SWGMakeUrlApi.h */ = {isa = PBXFileReference; fileEncoding = 4; lastKnownFileType = sourcecode.c.h; path = SWGMakeUrlApi.h; sourceTree = "<group>"; };
		20669D121C8590E4000ED690 /* SWGMakeUrlApi.m */ = {isa = PBXFileReference; fileEncoding = 4; lastKnownFileType = sourcecode.c.objc; path = SWGMakeUrlApi.m; sourceTree = "<group>"; };
		20669D131C8590E4000ED690 /* SWGMyWeeklyRequest.h */ = {isa = PBXFileReference; fileEncoding = 4; lastKnownFileType = sourcecode.c.h; path = SWGMyWeeklyRequest.h; sourceTree = "<group>"; };
		20669D141C8590E4000ED690 /* SWGMyWeeklyRequest.m */ = {isa = PBXFileReference; fileEncoding = 4; lastKnownFileType = sourcecode.c.objc; path = SWGMyWeeklyRequest.m; sourceTree = "<group>"; };
		20669D151C8590E4000ED690 /* SWGMyWeeklyResponses.h */ = {isa = PBXFileReference; fileEncoding = 4; lastKnownFileType = sourcecode.c.h; path = SWGMyWeeklyResponses.h; sourceTree = "<group>"; };
		20669D161C8590E4000ED690 /* SWGMyWeeklyResponses.m */ = {isa = PBXFileReference; fileEncoding = 4; lastKnownFileType = sourcecode.c.objc; path = SWGMyWeeklyResponses.m; sourceTree = "<group>"; };
		20669D171C8590E4000ED690 /* SWGObject.h */ = {isa = PBXFileReference; fileEncoding = 4; lastKnownFileType = sourcecode.c.h; path = SWGObject.h; sourceTree = "<group>"; };
		20669D181C8590E4000ED690 /* SWGObject.m */ = {isa = PBXFileReference; fileEncoding = 4; lastKnownFileType = sourcecode.c.objc; path = SWGObject.m; sourceTree = "<group>"; };
		20669D191C8590E4000ED690 /* SWGQueryParamCollection.h */ = {isa = PBXFileReference; fileEncoding = 4; lastKnownFileType = sourcecode.c.h; path = SWGQueryParamCollection.h; sourceTree = "<group>"; };
		20669D1A1C8590E4000ED690 /* SWGQueryParamCollection.m */ = {isa = PBXFileReference; fileEncoding = 4; lastKnownFileType = sourcecode.c.objc; path = SWGQueryParamCollection.m; sourceTree = "<group>"; };
		20669D1B1C8590E4000ED690 /* SWGResponses.h */ = {isa = PBXFileReference; fileEncoding = 4; lastKnownFileType = sourcecode.c.h; path = SWGResponses.h; sourceTree = "<group>"; };
		20669D1C1C8590E4000ED690 /* SWGResponses.m */ = {isa = PBXFileReference; fileEncoding = 4; lastKnownFileType = sourcecode.c.objc; path = SWGResponses.m; sourceTree = "<group>"; };
		20669D1D1C8590E4000ED690 /* SWGSignApi.h */ = {isa = PBXFileReference; fileEncoding = 4; lastKnownFileType = sourcecode.c.h; path = SWGSignApi.h; sourceTree = "<group>"; };
		20669D1E1C8590E4000ED690 /* SWGSignApi.m */ = {isa = PBXFileReference; fileEncoding = 4; lastKnownFileType = sourcecode.c.objc; path = SWGSignApi.m; sourceTree = "<group>"; };
		20669D1F1C8590E4000ED690 /* SWGSignRequest.h */ = {isa = PBXFileReference; fileEncoding = 4; lastKnownFileType = sourcecode.c.h; path = SWGSignRequest.h; sourceTree = "<group>"; };
		20669D201C8590E4000ED690 /* SWGSignRequest.m */ = {isa = PBXFileReference; fileEncoding = 4; lastKnownFileType = sourcecode.c.objc; path = SWGSignRequest.m; sourceTree = "<group>"; };
		20669D211C8590E4000ED690 /* SWGSignResponses.h */ = {isa = PBXFileReference; fileEncoding = 4; lastKnownFileType = sourcecode.c.h; path = SWGSignResponses.h; sourceTree = "<group>"; };
		20669D221C8590E4000ED690 /* SWGSignResponses.m */ = {isa = PBXFileReference; fileEncoding = 4; lastKnownFileType = sourcecode.c.objc; path = SWGSignResponses.m; sourceTree = "<group>"; };
		20669D231C8590E4000ED690 /* SWGUpdateArticleApi.h */ = {isa = PBXFileReference; fileEncoding = 4; lastKnownFileType = sourcecode.c.h; path = SWGUpdateArticleApi.h; sourceTree = "<group>"; };
		20669D241C8590E4000ED690 /* SWGUpdateArticleApi.m */ = {isa = PBXFileReference; fileEncoding = 4; lastKnownFileType = sourcecode.c.objc; path = SWGUpdateArticleApi.m; sourceTree = "<group>"; };
		20669D251C8590E4000ED690 /* SWGUpdateArticleResponses.h */ = {isa = PBXFileReference; fileEncoding = 4; lastKnownFileType = sourcecode.c.h; path = SWGUpdateArticleResponses.h; sourceTree = "<group>"; };
		20669D261C8590E4000ED690 /* SWGUpdateArticleResponses.m */ = {isa = PBXFileReference; fileEncoding = 4; lastKnownFileType = sourcecode.c.objc; path = SWGUpdateArticleResponses.m; sourceTree = "<group>"; };
		20669D271C8590E5000ED690 /* SWGUpdateWeeklyRequest.h */ = {isa = PBXFileReference; fileEncoding = 4; lastKnownFileType = sourcecode.c.h; path = SWGUpdateWeeklyRequest.h; sourceTree = "<group>"; };
		20669D281C8590E5000ED690 /* SWGUpdateWeeklyRequest.m */ = {isa = PBXFileReference; fileEncoding = 4; lastKnownFileType = sourcecode.c.objc; path = SWGUpdateWeeklyRequest.m; sourceTree = "<group>"; };
		20669D291C8590E5000ED690 /* SWGUser.h */ = {isa = PBXFileReference; fileEncoding = 4; lastKnownFileType = sourcecode.c.h; path = SWGUser.h; sourceTree = "<group>"; };
		20669D2A1C8590E5000ED690 /* SWGUser.m */ = {isa = PBXFileReference; fileEncoding = 4; lastKnownFileType = sourcecode.c.objc; path = SWGUser.m; sourceTree = "<group>"; };
		20669D2B1C8590E5000ED690 /* SWGWeekly.h */ = {isa = PBXFileReference; fileEncoding = 4; lastKnownFileType = sourcecode.c.h; path = SWGWeekly.h; sourceTree = "<group>"; };
		20669D2C1C8590E5000ED690 /* SWGWeekly.m */ = {isa = PBXFileReference; fileEncoding = 4; lastKnownFileType = sourcecode.c.objc; path = SWGWeekly.m; sourceTree = "<group>"; };
		20669D2D1C8590E5000ED690 /* SWGWeeklyApi.h */ = {isa = PBXFileReference; fileEncoding = 4; lastKnownFileType = sourcecode.c.h; path = SWGWeeklyApi.h; sourceTree = "<group>"; };
		20669D2E1C8590E5000ED690 /* SWGWeeklyApi.m */ = {isa = PBXFileReference; fileEncoding = 4; lastKnownFileType = sourcecode.c.objc; path = SWGWeeklyApi.m; sourceTree = "<group>"; };
		20669D2F1C8590E5000ED690 /* SWGWeeklyListRequest.h */ = {isa = PBXFileReference; fileEncoding = 4; lastKnownFileType = sourcecode.c.h; path = SWGWeeklyListRequest.h; sourceTree = "<group>"; };
		20669D301C8590E5000ED690 /* SWGWeeklyListRequest.m */ = {isa = PBXFileReference; fileEncoding = 4; lastKnownFileType = sourcecode.c.objc; path = SWGWeeklyListRequest.m; sourceTree = "<group>"; };
		20669D311C8590E5000ED690 /* SWGWeeklyListResponses.h */ = {isa = PBXFileReference; fileEncoding = 4; lastKnownFileType = sourcecode.c.h; path = SWGWeeklyListResponses.h; sourceTree = "<group>"; };
		20669D321C8590E5000ED690 /* SWGWeeklyListResponses.m */ = {isa = PBXFileReference; fileEncoding = 4; lastKnownFileType = sourcecode.c.objc; path = SWGWeeklyListResponses.m; sourceTree = "<group>"; };
		207555BA1C3FAE2A00253F7E /* NSString+Ext.h */ = {isa = PBXFileReference; fileEncoding = 4; lastKnownFileType = sourcecode.c.h; path = "NSString+Ext.h"; sourceTree = "<group>"; };
		207555BB1C3FAE2A00253F7E /* NSString+Ext.m */ = {isa = PBXFileReference; fileEncoding = 4; lastKnownFileType = sourcecode.c.objc; path = "NSString+Ext.m"; sourceTree = "<group>"; };
		207555BE1C3FAE9E00253F7E /* NSMutableString+Ext.h */ = {isa = PBXFileReference; fileEncoding = 4; lastKnownFileType = sourcecode.c.h; path = "NSMutableString+Ext.h"; sourceTree = "<group>"; };
		207555BF1C3FAE9E00253F7E /* NSMutableString+Ext.m */ = {isa = PBXFileReference; fileEncoding = 4; lastKnownFileType = sourcecode.c.objc; path = "NSMutableString+Ext.m"; sourceTree = "<group>"; };
		2075564C1C3FB31D00253F7E /* NoteBookSignService.m */ = {isa = PBXFileReference; fileEncoding = 4; lastKnownFileType = sourcecode.c.objc; path = NoteBookSignService.m; sourceTree = "<group>"; };
		2075564F1C3FB47800253F7E /* NoteBookWeeklyService.h */ = {isa = PBXFileReference; fileEncoding = 4; lastKnownFileType = sourcecode.c.h; path = NoteBookWeeklyService.h; sourceTree = "<group>"; };
		207556501C3FB47800253F7E /* NoteBookWeeklyService.m */ = {isa = PBXFileReference; fileEncoding = 4; lastKnownFileType = sourcecode.c.objc; path = NoteBookWeeklyService.m; sourceTree = "<group>"; };
		2089CC4F1BFF12C500B80E5A /* NoteBookLib.framework */ = {isa = PBXFileReference; explicitFileType = wrapper.framework; includeInIndex = 0; path = NoteBookLib.framework; sourceTree = BUILT_PRODUCTS_DIR; };
		2089CC531BFF12C500B80E5A /* Info.plist */ = {isa = PBXFileReference; lastKnownFileType = text.plist.xml; path = Info.plist; sourceTree = "<group>"; };
		2089CC541BFF12C500B80E5A /* NoteBookLib.h */ = {isa = PBXFileReference; lastKnownFileType = sourcecode.c.h; path = NoteBookLib.h; sourceTree = "<group>"; };
		2089CC5A1BFF12C500B80E5A /* NoteBookLibTests.xctest */ = {isa = PBXFileReference; explicitFileType = wrapper.cfbundle; includeInIndex = 0; path = NoteBookLibTests.xctest; sourceTree = BUILT_PRODUCTS_DIR; };
		2089CC601BFF12C500B80E5A /* Info.plist */ = {isa = PBXFileReference; lastKnownFileType = text.plist.xml; path = Info.plist; sourceTree = "<group>"; };
		2089CC611BFF12C500B80E5A /* NoteBookLibTests.m */ = {isa = PBXFileReference; lastKnownFileType = sourcecode.c.objc; path = NoteBookLibTests.m; sourceTree = "<group>"; };
		2089CC6B1BFF162100B80E5A /* Person.h */ = {isa = PBXFileReference; fileEncoding = 4; lastKnownFileType = sourcecode.c.h; path = Person.h; sourceTree = "<group>"; };
		2089CC6C1BFF162100B80E5A /* Person.m */ = {isa = PBXFileReference; fileEncoding = 4; lastKnownFileType = sourcecode.c.objc; path = Person.m; sourceTree = "<group>"; };
		20D709BA1C0406F300F301AB /* NoteBookArticleService.h */ = {isa = PBXFileReference; fileEncoding = 4; lastKnownFileType = sourcecode.c.h; path = NoteBookArticleService.h; sourceTree = "<group>"; };
		20D709BB1C0406F300F301AB /* NoteBookArticleService.m */ = {isa = PBXFileReference; fileEncoding = 4; lastKnownFileType = sourcecode.c.objc; path = NoteBookArticleService.m; sourceTree = "<group>"; };
		20D709BE1C04437400F301AB /* SWGApi+RAC.h */ = {isa = PBXFileReference; fileEncoding = 4; lastKnownFileType = sourcecode.c.h; path = "SWGApi+RAC.h"; sourceTree = "<group>"; };
		20D709BF1C04437400F301AB /* SWGApi+RAC.m */ = {isa = PBXFileReference; fileEncoding = 4; lastKnownFileType = sourcecode.c.objc; path = "SWGApi+RAC.m"; sourceTree = "<group>"; };
		20D709C31C0C447F00F301AB /* NoteBookDALService.h */ = {isa = PBXFileReference; fileEncoding = 4; lastKnownFileType = sourcecode.c.h; name = NoteBookDALService.h; path = services/NoteBookDALService.h; sourceTree = "<group>"; };
		20D709C41C0C447F00F301AB /* NoteBookDALService.m */ = {isa = PBXFileReference; fileEncoding = 4; lastKnownFileType = sourcecode.c.objc; name = NoteBookDALService.m; path = services/NoteBookDALService.m; sourceTree = "<group>"; };
		20D709C71C0C4BC500F301AB /* RACCommand+Ext.h */ = {isa = PBXFileReference; fileEncoding = 4; lastKnownFileType = sourcecode.c.h; path = "RACCommand+Ext.h"; sourceTree = "<group>"; };
		20D709C81C0C4BC500F301AB /* RACCommand+Ext.m */ = {isa = PBXFileReference; fileEncoding = 4; lastKnownFileType = sourcecode.c.objc; path = "RACCommand+Ext.m"; sourceTree = "<group>"; };
		20D709F51C0E9B2E00F301AB /* ErrorHandler.h */ = {isa = PBXFileReference; fileEncoding = 4; lastKnownFileType = sourcecode.c.h; path = ErrorHandler.h; sourceTree = "<group>"; };
		20D709F61C0E9B2E00F301AB /* ErrorHandler.m */ = {isa = PBXFileReference; fileEncoding = 4; lastKnownFileType = sourcecode.c.objc; path = ErrorHandler.m; sourceTree = "<group>"; };
		20D709F71C0E9B2E00F301AB /* ErrorHandlerManager.h */ = {isa = PBXFileReference; fileEncoding = 4; lastKnownFileType = sourcecode.c.h; path = ErrorHandlerManager.h; sourceTree = "<group>"; };
		20D709F81C0E9B2E00F301AB /* ErrorHandlerManager.m */ = {isa = PBXFileReference; fileEncoding = 4; lastKnownFileType = sourcecode.c.objc; path = ErrorHandlerManager.m; sourceTree = "<group>"; };
		20D709FD1C0E9D2000F301AB /* RACSignal+Ext.h */ = {isa = PBXFileReference; fileEncoding = 4; lastKnownFileType = sourcecode.c.h; path = "RACSignal+Ext.h"; sourceTree = "<group>"; };
		20D709FE1C0E9D2000F301AB /* RACSignal+Ext.m */ = {isa = PBXFileReference; fileEncoding = 4; lastKnownFileType = sourcecode.c.objc; path = "RACSignal+Ext.m"; sourceTree = "<group>"; };
		9234B40C30A5E8B194987D3B /* libPods-NoteBookLib.a */ = {isa = PBXFileReference; explicitFileType = archive.ar; includeInIndex = 0; path = "libPods-NoteBookLib.a"; sourceTree = BUILT_PRODUCTS_DIR; };
		94C902983DC7615D4AD08243 /* Pods-NoteBookLib.release.xcconfig */ = {isa = PBXFileReference; includeInIndex = 1; lastKnownFileType = text.xcconfig; name = "Pods-NoteBookLib.release.xcconfig"; path = "../Pods/Target Support Files/Pods-NoteBookLib/Pods-NoteBookLib.release.xcconfig"; sourceTree = "<group>"; };
		977D6C2B42BD4B3215218983 /* Pods-NoteBookLib.debug.xcconfig */ = {isa = PBXFileReference; includeInIndex = 1; lastKnownFileType = text.xcconfig; name = "Pods-NoteBookLib.debug.xcconfig"; path = "../Pods/Target Support Files/Pods-NoteBookLib/Pods-NoteBookLib.debug.xcconfig"; sourceTree = "<group>"; };
/* End PBXFileReference section */

/* Begin PBXFrameworksBuildPhase section */
		2089CC4B1BFF12C500B80E5A /* Frameworks */ = {
			isa = PBXFrameworksBuildPhase;
			buildActionMask = 2147483647;
			files = (
			);
			runOnlyForDeploymentPostprocessing = 0;
		};
		2089CC571BFF12C500B80E5A /* Frameworks */ = {
			isa = PBXFrameworksBuildPhase;
			buildActionMask = 2147483647;
			files = (
				2089CC5B1BFF12C500B80E5A /* NoteBookLib.framework in Frameworks */,
			);
			runOnlyForDeploymentPostprocessing = 0;
		};
/* End PBXFrameworksBuildPhase section */

/* Begin PBXGroup section */
		03E73A99B8144E7572A306B8 /* Pods */ = {
			isa = PBXGroup;
			children = (
				977D6C2B42BD4B3215218983 /* Pods-NoteBookLib.debug.xcconfig */,
				94C902983DC7615D4AD08243 /* Pods-NoteBookLib.release.xcconfig */,
			);
			name = Pods;
			sourceTree = "<group>";
		};
		2030B4591BFF1C1D00C96C6B /* swagger_codegen */ = {
			isa = PBXGroup;
			children = (
				2030B45A1BFF1C1D00C96C6B /* code-gen */,
				2030B45B1BFF1C1D00C96C6B /* README.md */,
				2030B45C1BFF1C1D00C96C6B /* swagger-codegen-cli.jar */,
				2030B45D1BFF1C1D00C96C6B /* swagger.json */,
				2030B45E1BFF1C1D00C96C6B /* swagger.sh */,
				2030B45F1BFF1C1D00C96C6B /* swagger.yaml */,
			);
			path = swagger_codegen;
			sourceTree = "<group>";
		};
		20669CE81C8590E4000ED690 /* noteApiSDK */ = {
			isa = PBXGroup;
			children = (
				20669CE91C8590E4000ED690 /* JSONValueTransformer+ISO8601.h */,
				20669CEA1C8590E4000ED690 /* JSONValueTransformer+ISO8601.m */,
				20669CEB1C8590E4000ED690 /* SWGAddArticleApi.h */,
				20669CEC1C8590E4000ED690 /* SWGAddArticleApi.m */,
				20669CED1C8590E4000ED690 /* SWGAddArticleResponses.h */,
				20669CEE1C8590E4000ED690 /* SWGAddArticleResponses.m */,
				20669CEF1C8590E4000ED690 /* SWGAddWeeklyRequest.h */,
				20669CF01C8590E4000ED690 /* SWGAddWeeklyRequest.m */,
				20669CF11C8590E4000ED690 /* SWGAddWeeklyResponses.h */,
				20669CF21C8590E4000ED690 /* SWGAddWeeklyResponses.m */,
				20669CF31C8590E4000ED690 /* SWGAllArticleApi.h */,
				20669CF41C8590E4000ED690 /* SWGAllArticleApi.m */,
				20669CF51C8590E4000ED690 /* SWGApi.h */,
				20669CF61C8590E4000ED690 /* SWGApi.m */,
				20669CF71C8590E4000ED690 /* SWGApiClient.h */,
				20669CF81C8590E4000ED690 /* SWGApiClient.m */,
				20669CF91C8590E4000ED690 /* SWGArticle.h */,
				20669CFA1C8590E4000ED690 /* SWGArticle.m */,
				20669CFB1C8590E4000ED690 /* SWGArticleList.h */,
				20669CFC1C8590E4000ED690 /* SWGArticleList.m */,
				20669CFD1C8590E4000ED690 /* SWGArticleListApi.h */,
				20669CFE1C8590E4000ED690 /* SWGArticleListApi.m */,
				20669CFF1C8590E4000ED690 /* SWGConfiguration.h */,
				20669D001C8590E4000ED690 /* SWGConfiguration.m */,
				20669D011C8590E4000ED690 /* SWGDeleteArticleApi.h */,
				20669D021C8590E4000ED690 /* SWGDeleteArticleApi.m */,
				20669D031C8590E4000ED690 /* SWGDelWeeklyRequest.h */,
				20669D041C8590E4000ED690 /* SWGDelWeeklyRequest.m */,
				20669D051C8590E4000ED690 /* SWGFile.h */,
				20669D061C8590E4000ED690 /* SWGFile.m */,
				20669D071C8590E4000ED690 /* SWGGetArticleApi.h */,
				20669D081C8590E4000ED690 /* SWGGetArticleApi.m */,
				20669D091C8590E4000ED690 /* SWGGetArticleByIdRequest.h */,
				20669D0A1C8590E4000ED690 /* SWGGetArticleByIdRequest.m */,
				20669D0B1C8590E4000ED690 /* SWGId.h */,
				20669D0C1C8590E4000ED690 /* SWGId.m */,
				20669D0D1C8590E4000ED690 /* SWGIdList.h */,
				20669D0E1C8590E4000ED690 /* SWGIdList.m */,
				20669D0F1C8590E4000ED690 /* SWGIdListApi.h */,
				20669D101C8590E4000ED690 /* SWGIdListApi.m */,
				20669D111C8590E4000ED690 /* SWGMakeUrlApi.h */,
				20669D121C8590E4000ED690 /* SWGMakeUrlApi.m */,
				20669D131C8590E4000ED690 /* SWGMyWeeklyRequest.h */,
				20669D141C8590E4000ED690 /* SWGMyWeeklyRequest.m */,
				20669D151C8590E4000ED690 /* SWGMyWeeklyResponses.h */,
				20669D161C8590E4000ED690 /* SWGMyWeeklyResponses.m */,
				20669D171C8590E4000ED690 /* SWGObject.h */,
				20669D181C8590E4000ED690 /* SWGObject.m */,
				20669D191C8590E4000ED690 /* SWGQueryParamCollection.h */,
				20669D1A1C8590E4000ED690 /* SWGQueryParamCollection.m */,
				20669D1B1C8590E4000ED690 /* SWGResponses.h */,
				20669D1C1C8590E4000ED690 /* SWGResponses.m */,
				20669D1D1C8590E4000ED690 /* SWGSignApi.h */,
				20669D1E1C8590E4000ED690 /* SWGSignApi.m */,
				20669D1F1C8590E4000ED690 /* SWGSignRequest.h */,
				20669D201C8590E4000ED690 /* SWGSignRequest.m */,
				20669D211C8590E4000ED690 /* SWGSignResponses.h */,
				20669D221C8590E4000ED690 /* SWGSignResponses.m */,
				20669D231C8590E4000ED690 /* SWGUpdateArticleApi.h */,
				20669D241C8590E4000ED690 /* SWGUpdateArticleApi.m */,
				20669D251C8590E4000ED690 /* SWGUpdateArticleResponses.h */,
				20669D261C8590E4000ED690 /* SWGUpdateArticleResponses.m */,
				20669D271C8590E5000ED690 /* SWGUpdateWeeklyRequest.h */,
				20669D281C8590E5000ED690 /* SWGUpdateWeeklyRequest.m */,
				20669D291C8590E5000ED690 /* SWGUser.h */,
				20669D2A1C8590E5000ED690 /* SWGUser.m */,
				20669D2B1C8590E5000ED690 /* SWGWeekly.h */,
				20669D2C1C8590E5000ED690 /* SWGWeekly.m */,
				20669D2D1C8590E5000ED690 /* SWGWeeklyApi.h */,
				20669D2E1C8590E5000ED690 /* SWGWeeklyApi.m */,
				20669D2F1C8590E5000ED690 /* SWGWeeklyListRequest.h */,
				20669D301C8590E5000ED690 /* SWGWeeklyListRequest.m */,
				20669D311C8590E5000ED690 /* SWGWeeklyListResponses.h */,
				20669D321C8590E5000ED690 /* SWGWeeklyListResponses.m */,
			);
			path = noteApiSDK;
			sourceTree = "<group>";
		};
		2089CC451BFF12C500B80E5A = {
			isa = PBXGroup;
			children = (
				2030B4591BFF1C1D00C96C6B /* swagger_codegen */,
				2089CC511BFF12C500B80E5A /* NoteBookLib */,
				2089CC5E1BFF12C500B80E5A /* NoteBookLibTests */,
				2089CC501BFF12C500B80E5A /* Products */,
				03E73A99B8144E7572A306B8 /* Pods */,
				DDF7BFAEC09F788900B4A3A4 /* Frameworks */,
			);
			sourceTree = "<group>";
		};
		2089CC501BFF12C500B80E5A /* Products */ = {
			isa = PBXGroup;
			children = (
				2089CC4F1BFF12C500B80E5A /* NoteBookLib.framework */,
				2089CC5A1BFF12C500B80E5A /* NoteBookLibTests.xctest */,
			);
			name = Products;
			sourceTree = "<group>";
		};
		2089CC511BFF12C500B80E5A /* NoteBookLib */ = {
			isa = PBXGroup;
			children = (
				20D709C21C0C442200F301AB /* services */,
				2030B47C1BFF1D2B00C96C6B /* NoteBookLib_gen.h */,
				2089CC541BFF12C500B80E5A /* NoteBookLib.h */,
				04ECA6231CD3401700C2513A /* NoteBookConfigure.h */,
				20D709BE1C04437400F301AB /* SWGApi+RAC.h */,
				20D709BF1C04437400F301AB /* SWGApi+RAC.m */,
				20D709FD1C0E9D2000F301AB /* RACSignal+Ext.h */,
				20D709FE1C0E9D2000F301AB /* RACSignal+Ext.m */,
				207555BA1C3FAE2A00253F7E /* NSString+Ext.h */,
				207555BB1C3FAE2A00253F7E /* NSString+Ext.m */,
				207555BE1C3FAE9E00253F7E /* NSMutableString+Ext.h */,
				207555BF1C3FAE9E00253F7E /* NSMutableString+Ext.m */,
				20D709F41C0E9B2E00F301AB /* error_handling */,
				20D709C71C0C4BC500F301AB /* RACCommand+Ext.h */,
				20D709C81C0C4BC500F301AB /* RACCommand+Ext.m */,
				2089CC6B1BFF162100B80E5A /* Person.h */,
				2089CC6C1BFF162100B80E5A /* Person.m */,
				2089CC521BFF12C500B80E5A /* Supporting Files */,
			);
			path = NoteBookLib;
			sourceTree = "<group>";
		};
		2089CC521BFF12C500B80E5A /* Supporting Files */ = {
			isa = PBXGroup;
			children = (
				2089CC531BFF12C500B80E5A /* Info.plist */,
			);
			name = "Supporting Files";
			sourceTree = "<group>";
		};
		2089CC5E1BFF12C500B80E5A /* NoteBookLibTests */ = {
			isa = PBXGroup;
			children = (
				2089CC611BFF12C500B80E5A /* NoteBookLibTests.m */,
				2089CC5F1BFF12C500B80E5A /* Supporting Files */,
			);
			path = NoteBookLibTests;
			sourceTree = "<group>";
		};
		2089CC5F1BFF12C500B80E5A /* Supporting Files */ = {
			isa = PBXGroup;
			children = (
				2089CC601BFF12C500B80E5A /* Info.plist */,
			);
			name = "Supporting Files";
			sourceTree = "<group>";
		};
		20D709C21C0C442200F301AB /* services */ = {
			isa = PBXGroup;
			children = (
				20669CE81C8590E4000ED690 /* noteApiSDK */,
				20D709C31C0C447F00F301AB /* NoteBookDALService.h */,
				20D709C41C0C447F00F301AB /* NoteBookDALService.m */,
				20D709BA1C0406F300F301AB /* NoteBookArticleService.h */,
				20D709BB1C0406F300F301AB /* NoteBookArticleService.m */,
				04ECA6211CD33F1B00C2513A /* NoteBookSignService.h */,
				2075564C1C3FB31D00253F7E /* NoteBookSignService.m */,
				2075564F1C3FB47800253F7E /* NoteBookWeeklyService.h */,
				207556501C3FB47800253F7E /* NoteBookWeeklyService.m */,
			);
			name = services;
			sourceTree = "<group>";
		};
		20D709F41C0E9B2E00F301AB /* error_handling */ = {
			isa = PBXGroup;
			children = (
				20D709F51C0E9B2E00F301AB /* ErrorHandler.h */,
				20D709F61C0E9B2E00F301AB /* ErrorHandler.m */,
				20D709F71C0E9B2E00F301AB /* ErrorHandlerManager.h */,
				20D709F81C0E9B2E00F301AB /* ErrorHandlerManager.m */,
			);
			path = error_handling;
			sourceTree = "<group>";
		};
		DDF7BFAEC09F788900B4A3A4 /* Frameworks */ = {
			isa = PBXGroup;
			children = (
				9234B40C30A5E8B194987D3B /* libPods-NoteBookLib.a */,
			);
			name = Frameworks;
			sourceTree = "<group>";
		};
/* End PBXGroup section */

/* Begin PBXHeadersBuildPhase section */
		2089CC4C1BFF12C500B80E5A /* Headers */ = {
			isa = PBXHeadersBuildPhase;
			buildActionMask = 2147483647;
			files = (
				20669D731C8590E5000ED690 /* SWGUser.h in Headers */,
				20669D351C8590E5000ED690 /* SWGAddArticleApi.h in Headers */,
				20D709F91C0E9B2E00F301AB /* ErrorHandler.h in Headers */,
				2089CC551BFF12C500B80E5A /* NoteBookLib.h in Headers */,
				20669D511C8590E5000ED690 /* SWGGetArticleApi.h in Headers */,
				20669D391C8590E5000ED690 /* SWGAddWeeklyRequest.h in Headers */,
				2030B48D1BFF1D2B00C96C6B /* NoteBookLib_gen.h in Headers */,
				20669D6F1C8590E5000ED690 /* SWGUpdateArticleResponses.h in Headers */,
				20669D631C8590E5000ED690 /* SWGQueryParamCollection.h in Headers */,
				20669D331C8590E5000ED690 /* JSONValueTransformer+ISO8601.h in Headers */,
				20669D771C8590E5000ED690 /* SWGWeeklyApi.h in Headers */,
				20669D791C8590E5000ED690 /* SWGWeeklyListRequest.h in Headers */,
				20669D7B1C8590E5000ED690 /* SWGWeeklyListResponses.h in Headers */,
				20669D3B1C8590E5000ED690 /* SWGAddWeeklyResponses.h in Headers */,
				20669D6D1C8590E5000ED690 /* SWGUpdateArticleApi.h in Headers */,
				20669D451C8590E5000ED690 /* SWGArticleList.h in Headers */,
				20669D371C8590E5000ED690 /* SWGAddArticleResponses.h in Headers */,
				20669D5B1C8590E5000ED690 /* SWGMakeUrlApi.h in Headers */,
				04ECA6221CD33F1B00C2513A /* NoteBookSignService.h in Headers */,
				20669D6B1C8590E5000ED690 /* SWGSignResponses.h in Headers */,
				20669D471C8590E5000ED690 /* SWGArticleListApi.h in Headers */,
				20669D5F1C8590E5000ED690 /* SWGMyWeeklyResponses.h in Headers */,
				20669D431C8590E5000ED690 /* SWGArticle.h in Headers */,
				20669D751C8590E5000ED690 /* SWGWeekly.h in Headers */,
				20669D3D1C8590E5000ED690 /* SWGAllArticleApi.h in Headers */,
				20669D531C8590E5000ED690 /* SWGGetArticleByIdRequest.h in Headers */,
				20D709C91C0C4BC500F301AB /* RACCommand+Ext.h in Headers */,
				207555BC1C3FAE2A00253F7E /* NSString+Ext.h in Headers */,
				04ECA6241CD3401700C2513A /* NoteBookConfigure.h in Headers */,
				20669D3F1C8590E5000ED690 /* SWGApi.h in Headers */,
				20D709FF1C0E9D2000F301AB /* RACSignal+Ext.h in Headers */,
				20669D5D1C8590E5000ED690 /* SWGMyWeeklyRequest.h in Headers */,
				20669D571C8590E5000ED690 /* SWGIdList.h in Headers */,
				20669D651C8590E5000ED690 /* SWGResponses.h in Headers */,
				20D709C01C04437400F301AB /* SWGApi+RAC.h in Headers */,
				20669D4F1C8590E5000ED690 /* SWGFile.h in Headers */,
				20D709BC1C0406F300F301AB /* NoteBookArticleService.h in Headers */,
				2089CC6D1BFF162100B80E5A /* Person.h in Headers */,
				20669D411C8590E5000ED690 /* SWGApiClient.h in Headers */,
				20669D691C8590E5000ED690 /* SWGSignRequest.h in Headers */,
				20669D611C8590E5000ED690 /* SWGObject.h in Headers */,
				20669D4B1C8590E5000ED690 /* SWGDeleteArticleApi.h in Headers */,
				20D709FB1C0E9B2E00F301AB /* ErrorHandlerManager.h in Headers */,
				20D709C51C0C447F00F301AB /* NoteBookDALService.h in Headers */,
				20669D4D1C8590E5000ED690 /* SWGDelWeeklyRequest.h in Headers */,
				20669D711C8590E5000ED690 /* SWGUpdateWeeklyRequest.h in Headers */,
				20669D591C8590E5000ED690 /* SWGIdListApi.h in Headers */,
				20669D551C8590E5000ED690 /* SWGId.h in Headers */,
				207556511C3FB47800253F7E /* NoteBookWeeklyService.h in Headers */,
				207555C01C3FAE9E00253F7E /* NSMutableString+Ext.h in Headers */,
				20669D671C8590E5000ED690 /* SWGSignApi.h in Headers */,
				20669D491C8590E5000ED690 /* SWGConfiguration.h in Headers */,
			);
			runOnlyForDeploymentPostprocessing = 0;
		};
/* End PBXHeadersBuildPhase section */

/* Begin PBXNativeTarget section */
		2089CC4E1BFF12C500B80E5A /* NoteBookLib */ = {
			isa = PBXNativeTarget;
			buildConfigurationList = 2089CC651BFF12C500B80E5A /* Build configuration list for PBXNativeTarget "NoteBookLib" */;
			buildPhases = (
				C8B9703A942133D63EE12F0D /* Check Pods Manifest.lock */,
				2089CC4A1BFF12C500B80E5A /* Sources */,
				2089CC4B1BFF12C500B80E5A /* Frameworks */,
				2089CC4C1BFF12C500B80E5A /* Headers */,
				2089CC4D1BFF12C500B80E5A /* Resources */,
				20FC1106863B7C0900B96534 /* Copy Pods Resources */,
			);
			buildRules = (
			);
			dependencies = (
			);
			name = NoteBookLib;
			productName = NoteBookLib;
			productReference = 2089CC4F1BFF12C500B80E5A /* NoteBookLib.framework */;
			productType = "com.apple.product-type.framework";
		};
		2089CC591BFF12C500B80E5A /* NoteBookLibTests */ = {
			isa = PBXNativeTarget;
			buildConfigurationList = 2089CC681BFF12C500B80E5A /* Build configuration list for PBXNativeTarget "NoteBookLibTests" */;
			buildPhases = (
				2089CC561BFF12C500B80E5A /* Sources */,
				2089CC571BFF12C500B80E5A /* Frameworks */,
				2089CC581BFF12C500B80E5A /* Resources */,
			);
			buildRules = (
			);
			dependencies = (
				2089CC5D1BFF12C500B80E5A /* PBXTargetDependency */,
			);
			name = NoteBookLibTests;
			productName = NoteBookLibTests;
			productReference = 2089CC5A1BFF12C500B80E5A /* NoteBookLibTests.xctest */;
			productType = "com.apple.product-type.bundle.unit-test";
		};
/* End PBXNativeTarget section */

/* Begin PBXProject section */
		2089CC461BFF12C500B80E5A /* Project object */ = {
			isa = PBXProject;
			attributes = {
				LastUpgradeCheck = 0640;
				ORGANIZATIONNAME = dz;
				TargetAttributes = {
					2030B4661BFF1CD700C96C6B = {
						CreatedOnToolsVersion = 6.4;
					};
					2089CC4E1BFF12C500B80E5A = {
						CreatedOnToolsVersion = 6.4;
					};
					2089CC591BFF12C500B80E5A = {
						CreatedOnToolsVersion = 6.4;
					};
				};
			};
			buildConfigurationList = 2089CC491BFF12C500B80E5A /* Build configuration list for PBXProject "NoteBookLib" */;
			compatibilityVersion = "Xcode 3.2";
			developmentRegion = English;
			hasScannedForEncodings = 0;
			knownRegions = (
				en,
			);
			mainGroup = 2089CC451BFF12C500B80E5A;
			productRefGroup = 2089CC501BFF12C500B80E5A /* Products */;
			projectDirPath = "";
			projectRoot = "";
			targets = (
				2089CC4E1BFF12C500B80E5A /* NoteBookLib */,
				2089CC591BFF12C500B80E5A /* NoteBookLibTests */,
				2030B4661BFF1CD700C96C6B /* CreatNoteApiSDK */,
			);
		};
/* End PBXProject section */

/* Begin PBXResourcesBuildPhase section */
		2089CC4D1BFF12C500B80E5A /* Resources */ = {
			isa = PBXResourcesBuildPhase;
			buildActionMask = 2147483647;
			files = (
				2030B4631BFF1C1D00C96C6B /* swagger.json in Resources */,
				2030B4651BFF1C1D00C96C6B /* swagger.yaml in Resources */,
				2030B4641BFF1C1D00C96C6B /* swagger.sh in Resources */,
				2030B4601BFF1C1D00C96C6B /* code-gen in Resources */,
			);
			runOnlyForDeploymentPostprocessing = 0;
		};
		2089CC581BFF12C500B80E5A /* Resources */ = {
			isa = PBXResourcesBuildPhase;
			buildActionMask = 2147483647;
			files = (
			);
			runOnlyForDeploymentPostprocessing = 0;
		};
/* End PBXResourcesBuildPhase section */

/* Begin PBXShellScriptBuildPhase section */
		2030B46A1BFF1CDB00C96C6B /* ShellScript */ = {
			isa = PBXShellScriptBuildPhase;
			buildActionMask = 2147483647;
			files = (
			);
			inputPaths = (
			);
			outputPaths = (
			);
			runOnlyForDeploymentPostprocessing = 0;
			shellPath = /bin/sh;
			shellScript = "#! /bin/bash\nTMP_DIR=.\nDES_DIR=noteApiSDK\nTOOL_DIR=swagger_codegen\nGEN_HEADER=NoteBookLib_gen.h\n\necho \"Generating source codes into temp folder...\"\n$TOOL_DIR/code-gen $TOOL_DIR/swagger.json objc $TMP_DIR >/dev/null 2>&1\n\nif [[ $? == 0 ]]; then\necho \"Clean generated files...\"\nrm -f NoteBookLib/$GEN_HEADER\nrm -f NoteBookLib/$DES_DIR/*\n                           \n                           echo \"Generating $GEN_HEADER\"\n                           \n                           for file in $(ls \"$TMP_DIR/client\" | grep \\\\.h); do\n                           echo \"#import \\\"$DES_DIR/$file\\\"\" >> NoteBookLib/$GEN_HEADER\n                           done\n                           \n                           echo \"Moving generted files...\"\n                           mkdir -p \"NoteBookLib/$DES_DIR\"\n                           mv $TMP_DIR/client/* NoteBookLib/$DES_DIR/\n                           \n                           rm -r \"$TMP_DIR/client\"\n                           rm -f \"$TMP_DIR/Podfile\"\n                           fi\n";
		};
		20FC1106863B7C0900B96534 /* Copy Pods Resources */ = {
			isa = PBXShellScriptBuildPhase;
			buildActionMask = 2147483647;
			files = (
			);
			inputPaths = (
			);
			name = "Copy Pods Resources";
			outputPaths = (
			);
			runOnlyForDeploymentPostprocessing = 0;
			shellPath = /bin/sh;
			shellScript = "\"${SRCROOT}/../Pods/Target Support Files/Pods-NoteBookLib/Pods-NoteBookLib-resources.sh\"\n";
			showEnvVarsInLog = 0;
		};
		C8B9703A942133D63EE12F0D /* Check Pods Manifest.lock */ = {
			isa = PBXShellScriptBuildPhase;
			buildActionMask = 2147483647;
			files = (
			);
			inputPaths = (
			);
			name = "Check Pods Manifest.lock";
			outputPaths = (
			);
			runOnlyForDeploymentPostprocessing = 0;
			shellPath = /bin/sh;
			shellScript = "diff \"${PODS_ROOT}/../Podfile.lock\" \"${PODS_ROOT}/Manifest.lock\" > /dev/null\nif [[ $? != 0 ]] ; then\n    cat << EOM\nerror: The sandbox is not in sync with the Podfile.lock. Run 'pod install' or update your CocoaPods installation.\nEOM\n    exit 1\nfi\n";
			showEnvVarsInLog = 0;
		};
/* End PBXShellScriptBuildPhase section */

/* Begin PBXSourcesBuildPhase section */
		2089CC4A1BFF12C500B80E5A /* Sources */ = {
			isa = PBXSourcesBuildPhase;
			buildActionMask = 2147483647;
			files = (
				207555C11C3FAE9E00253F7E /* NSMutableString+Ext.m in Sources */,
				20669D361C8590E5000ED690 /* SWGAddArticleApi.m in Sources */,
				20669D661C8590E5000ED690 /* SWGResponses.m in Sources */,
				20D709FA1C0E9B2E00F301AB /* ErrorHandler.m in Sources */,
				20669D681C8590E5000ED690 /* SWGSignApi.m in Sources */,
				20669D581C8590E5000ED690 /* SWGIdList.m in Sources */,
				2089CC6E1BFF162100B80E5A /* Person.m in Sources */,
				20669D781C8590E5000ED690 /* SWGWeeklyApi.m in Sources */,
				20669D3A1C8590E5000ED690 /* SWGAddWeeklyRequest.m in Sources */,
				20669D401C8590E5000ED690 /* SWGApi.m in Sources */,
				20669D501C8590E5000ED690 /* SWGFile.m in Sources */,
				20D709BD1C0406F300F301AB /* NoteBookArticleService.m in Sources */,
				20669D441C8590E5000ED690 /* SWGArticle.m in Sources */,
				20669D4C1C8590E5000ED690 /* SWGDeleteArticleApi.m in Sources */,
				20669D721C8590E5000ED690 /* SWGUpdateWeeklyRequest.m in Sources */,
				20D709CA1C0C4BC500F301AB /* RACCommand+Ext.m in Sources */,
				20669D741C8590E5000ED690 /* SWGUser.m in Sources */,
				20669D761C8590E5000ED690 /* SWGWeekly.m in Sources */,
				20D709C61C0C447F00F301AB /* NoteBookDALService.m in Sources */,
				20669D341C8590E5000ED690 /* JSONValueTransformer+ISO8601.m in Sources */,
				20669D3E1C8590E5000ED690 /* SWGAllArticleApi.m in Sources */,
				20669D381C8590E5000ED690 /* SWGAddArticleResponses.m in Sources */,
				20669D4E1C8590E5000ED690 /* SWGDelWeeklyRequest.m in Sources */,
				20669D521C8590E5000ED690 /* SWGGetArticleApi.m in Sources */,
				20669D7A1C8590E5000ED690 /* SWGWeeklyListRequest.m in Sources */,
				2075564E1C3FB31D00253F7E /* NoteBookSignService.m in Sources */,
				20669D701C8590E5000ED690 /* SWGUpdateArticleResponses.m in Sources */,
				20669D561C8590E5000ED690 /* SWGId.m in Sources */,
				20669D7C1C8590E5000ED690 /* SWGWeeklyListResponses.m in Sources */,
				20669D481C8590E5000ED690 /* SWGArticleListApi.m in Sources */,
				20D709FC1C0E9B2E00F301AB /* ErrorHandlerManager.m in Sources */,
				20669D5C1C8590E5000ED690 /* SWGMakeUrlApi.m in Sources */,
				20669D541C8590E5000ED690 /* SWGGetArticleByIdRequest.m in Sources */,
				20D70A001C0E9D2000F301AB /* RACSignal+Ext.m in Sources */,
				207556521C3FB47800253F7E /* NoteBookWeeklyService.m in Sources */,
				20669D641C8590E5000ED690 /* SWGQueryParamCollection.m in Sources */,
				20669D621C8590E5000ED690 /* SWGObject.m in Sources */,
				20669D3C1C8590E5000ED690 /* SWGAddWeeklyResponses.m in Sources */,
				207555BD1C3FAE2A00253F7E /* NSString+Ext.m in Sources */,
				20669D5E1C8590E5000ED690 /* SWGMyWeeklyRequest.m in Sources */,
				20669D6C1C8590E5000ED690 /* SWGSignResponses.m in Sources */,
				20D709C11C04437400F301AB /* SWGApi+RAC.m in Sources */,
				20669D461C8590E5000ED690 /* SWGArticleList.m in Sources */,
				20669D6E1C8590E5000ED690 /* SWGUpdateArticleApi.m in Sources */,
				20669D601C8590E5000ED690 /* SWGMyWeeklyResponses.m in Sources */,
				20669D5A1C8590E5000ED690 /* SWGIdListApi.m in Sources */,
				20669D4A1C8590E5000ED690 /* SWGConfiguration.m in Sources */,
				20669D6A1C8590E5000ED690 /* SWGSignRequest.m in Sources */,
				20669D421C8590E5000ED690 /* SWGApiClient.m in Sources */,
			);
			runOnlyForDeploymentPostprocessing = 0;
		};
		2089CC561BFF12C500B80E5A /* Sources */ = {
			isa = PBXSourcesBuildPhase;
			buildActionMask = 2147483647;
			files = (
				2089CC621BFF12C500B80E5A /* NoteBookLibTests.m in Sources */,
			);
			runOnlyForDeploymentPostprocessing = 0;
		};
/* End PBXSourcesBuildPhase section */

/* Begin PBXTargetDependency section */
		2089CC5D1BFF12C500B80E5A /* PBXTargetDependency */ = {
			isa = PBXTargetDependency;
			target = 2089CC4E1BFF12C500B80E5A /* NoteBookLib */;
			targetProxy = 2089CC5C1BFF12C500B80E5A /* PBXContainerItemProxy */;
		};
/* End PBXTargetDependency section */

/* Begin XCBuildConfiguration section */
		2030B4681BFF1CD700C96C6B /* Debug */ = {
			isa = XCBuildConfiguration;
			buildSettings = {
				PRODUCT_NAME = "$(TARGET_NAME)";
			};
			name = Debug;
		};
		2030B4691BFF1CD700C96C6B /* Release */ = {
			isa = XCBuildConfiguration;
			buildSettings = {
				PRODUCT_NAME = "$(TARGET_NAME)";
			};
			name = Release;
		};
		2089CC631BFF12C500B80E5A /* Debug */ = {
			isa = XCBuildConfiguration;
			buildSettings = {
				ALWAYS_SEARCH_USER_PATHS = NO;
				CLANG_CXX_LANGUAGE_STANDARD = "gnu++0x";
				CLANG_CXX_LIBRARY = "libc++";
				CLANG_ENABLE_MODULES = YES;
				CLANG_ENABLE_OBJC_ARC = YES;
				CLANG_WARN_BOOL_CONVERSION = YES;
				CLANG_WARN_CONSTANT_CONVERSION = YES;
				CLANG_WARN_DIRECT_OBJC_ISA_USAGE = YES_ERROR;
				CLANG_WARN_EMPTY_BODY = YES;
				CLANG_WARN_ENUM_CONVERSION = YES;
				CLANG_WARN_INT_CONVERSION = YES;
				CLANG_WARN_OBJC_ROOT_CLASS = YES_ERROR;
				CLANG_WARN_UNREACHABLE_CODE = YES;
				CLANG_WARN__DUPLICATE_METHOD_MATCH = YES;
				"CODE_SIGN_IDENTITY[sdk=iphoneos*]" = "iPhone Developer";
				COPY_PHASE_STRIP = NO;
				CURRENT_PROJECT_VERSION = 1;
				DEBUG_INFORMATION_FORMAT = "dwarf-with-dsym";
				ENABLE_STRICT_OBJC_MSGSEND = YES;
				GCC_C_LANGUAGE_STANDARD = gnu99;
				GCC_DYNAMIC_NO_PIC = NO;
				GCC_NO_COMMON_BLOCKS = YES;
				GCC_OPTIMIZATION_LEVEL = 0;
				GCC_PREPROCESSOR_DEFINITIONS = (
					"DEBUG=1",
					"$(inherited)",
				);
				GCC_SYMBOLS_PRIVATE_EXTERN = NO;
				GCC_WARN_64_TO_32_BIT_CONVERSION = YES;
				GCC_WARN_ABOUT_RETURN_TYPE = YES_ERROR;
				GCC_WARN_UNDECLARED_SELECTOR = YES;
				GCC_WARN_UNINITIALIZED_AUTOS = YES_AGGRESSIVE;
				GCC_WARN_UNUSED_FUNCTION = YES;
				GCC_WARN_UNUSED_VARIABLE = YES;
				IPHONEOS_DEPLOYMENT_TARGET = 8.4;
				MTL_ENABLE_DEBUG_INFO = YES;
				ONLY_ACTIVE_ARCH = YES;
				SDKROOT = iphoneos;
				TARGETED_DEVICE_FAMILY = "1,2";
				VERSIONING_SYSTEM = "apple-generic";
				VERSION_INFO_PREFIX = "";
			};
			name = Debug;
		};
		2089CC641BFF12C500B80E5A /* Release */ = {
			isa = XCBuildConfiguration;
			buildSettings = {
				ALWAYS_SEARCH_USER_PATHS = NO;
				CLANG_CXX_LANGUAGE_STANDARD = "gnu++0x";
				CLANG_CXX_LIBRARY = "libc++";
				CLANG_ENABLE_MODULES = YES;
				CLANG_ENABLE_OBJC_ARC = YES;
				CLANG_WARN_BOOL_CONVERSION = YES;
				CLANG_WARN_CONSTANT_CONVERSION = YES;
				CLANG_WARN_DIRECT_OBJC_ISA_USAGE = YES_ERROR;
				CLANG_WARN_EMPTY_BODY = YES;
				CLANG_WARN_ENUM_CONVERSION = YES;
				CLANG_WARN_INT_CONVERSION = YES;
				CLANG_WARN_OBJC_ROOT_CLASS = YES_ERROR;
				CLANG_WARN_UNREACHABLE_CODE = YES;
				CLANG_WARN__DUPLICATE_METHOD_MATCH = YES;
				"CODE_SIGN_IDENTITY[sdk=iphoneos*]" = "iPhone Developer";
				COPY_PHASE_STRIP = NO;
				CURRENT_PROJECT_VERSION = 1;
				DEBUG_INFORMATION_FORMAT = "dwarf-with-dsym";
				ENABLE_NS_ASSERTIONS = NO;
				ENABLE_STRICT_OBJC_MSGSEND = YES;
				GCC_C_LANGUAGE_STANDARD = gnu99;
				GCC_NO_COMMON_BLOCKS = YES;
				GCC_WARN_64_TO_32_BIT_CONVERSION = YES;
				GCC_WARN_ABOUT_RETURN_TYPE = YES_ERROR;
				GCC_WARN_UNDECLARED_SELECTOR = YES;
				GCC_WARN_UNINITIALIZED_AUTOS = YES_AGGRESSIVE;
				GCC_WARN_UNUSED_FUNCTION = YES;
				GCC_WARN_UNUSED_VARIABLE = YES;
				IPHONEOS_DEPLOYMENT_TARGET = 8.4;
				MTL_ENABLE_DEBUG_INFO = NO;
				SDKROOT = iphoneos;
				TARGETED_DEVICE_FAMILY = "1,2";
				VALIDATE_PRODUCT = YES;
				VERSIONING_SYSTEM = "apple-generic";
				VERSION_INFO_PREFIX = "";
			};
			name = Release;
		};
		2089CC661BFF12C500B80E5A /* Debug */ = {
			isa = XCBuildConfiguration;
			baseConfigurationReference = 977D6C2B42BD4B3215218983 /* Pods-NoteBookLib.debug.xcconfig */;
			buildSettings = {
				CODE_SIGN_IDENTITY = "iPhone Developer";
				DEFINES_MODULE = YES;
				DYLIB_COMPATIBILITY_VERSION = 1;
				DYLIB_CURRENT_VERSION = 1;
				DYLIB_INSTALL_NAME_BASE = "@rpath";
				FRAMEWORK_SEARCH_PATHS = (
					"$(PROJECT_DIR)",
					"$(inherited)",
				);
				INFOPLIST_FILE = NoteBookLib/Info.plist;
				INSTALL_PATH = "$(LOCAL_LIBRARY_DIR)/Frameworks";
				IPHONEOS_DEPLOYMENT_TARGET = 7.0;
				LD_RUNPATH_SEARCH_PATHS = "$(inherited) @executable_path/Frameworks @loader_path/Frameworks";
				MACH_O_TYPE = staticlib;
				PRODUCT_NAME = "$(TARGET_NAME)";
				SKIP_INSTALL = YES;
				TARGETED_DEVICE_FAMILY = "1,2";
			};
			name = Debug;
		};
		2089CC671BFF12C500B80E5A /* Release */ = {
			isa = XCBuildConfiguration;
			baseConfigurationReference = 94C902983DC7615D4AD08243 /* Pods-NoteBookLib.release.xcconfig */;
			buildSettings = {
				CODE_SIGN_IDENTITY = "iPhone Developer";
				DEFINES_MODULE = YES;
				DYLIB_COMPATIBILITY_VERSION = 1;
				DYLIB_CURRENT_VERSION = 1;
				DYLIB_INSTALL_NAME_BASE = "@rpath";
				FRAMEWORK_SEARCH_PATHS = (
					"$(PROJECT_DIR)",
					"$(inherited)",
				);
				INFOPLIST_FILE = NoteBookLib/Info.plist;
				INSTALL_PATH = "$(LOCAL_LIBRARY_DIR)/Frameworks";
				IPHONEOS_DEPLOYMENT_TARGET = 7.0;
				LD_RUNPATH_SEARCH_PATHS = "$(inherited) @executable_path/Frameworks @loader_path/Frameworks";
				MACH_O_TYPE = staticlib;
				PRODUCT_NAME = "$(TARGET_NAME)";
				SKIP_INSTALL = YES;
				TARGETED_DEVICE_FAMILY = "1,2";
			};
			name = Release;
		};
		2089CC691BFF12C500B80E5A /* Debug */ = {
			isa = XCBuildConfiguration;
			buildSettings = {
				FRAMEWORK_SEARCH_PATHS = (
					"$(SDKROOT)/Developer/Library/Frameworks",
					"$(inherited)",
				);
				GCC_PREPROCESSOR_DEFINITIONS = (
					"DEBUG=1",
					"$(inherited)",
				);
				INFOPLIST_FILE = NoteBookLibTests/Info.plist;
				LD_RUNPATH_SEARCH_PATHS = "$(inherited) @executable_path/Frameworks @loader_path/Frameworks";
				PRODUCT_NAME = "$(TARGET_NAME)";
			};
			name = Debug;
		};
		2089CC6A1BFF12C500B80E5A /* Release */ = {
			isa = XCBuildConfiguration;
			buildSettings = {
				FRAMEWORK_SEARCH_PATHS = (
					"$(SDKROOT)/Developer/Library/Frameworks",
					"$(inherited)",
				);
				INFOPLIST_FILE = NoteBookLibTests/Info.plist;
				LD_RUNPATH_SEARCH_PATHS = "$(inherited) @executable_path/Frameworks @loader_path/Frameworks";
				PRODUCT_NAME = "$(TARGET_NAME)";
			};
			name = Release;
		};
/* End XCBuildConfiguration section */

/* Begin XCConfigurationList section */
		2030B4671BFF1CD700C96C6B /* Build configuration list for PBXAggregateTarget "CreatNoteApiSDK" */ = {
			isa = XCConfigurationList;
			buildConfigurations = (
				2030B4681BFF1CD700C96C6B /* Debug */,
				2030B4691BFF1CD700C96C6B /* Release */,
			);
			defaultConfigurationIsVisible = 0;
			defaultConfigurationName = Release;
		};
		2089CC491BFF12C500B80E5A /* Build configuration list for PBXProject "NoteBookLib" */ = {
			isa = XCConfigurationList;
			buildConfigurations = (
				2089CC631BFF12C500B80E5A /* Debug */,
				2089CC641BFF12C500B80E5A /* Release */,
			);
			defaultConfigurationIsVisible = 0;
			defaultConfigurationName = Release;
		};
		2089CC651BFF12C500B80E5A /* Build configuration list for PBXNativeTarget "NoteBookLib" */ = {
			isa = XCConfigurationList;
			buildConfigurations = (
				2089CC661BFF12C500B80E5A /* Debug */,
				2089CC671BFF12C500B80E5A /* Release */,
			);
			defaultConfigurationIsVisible = 0;
			defaultConfigurationName = Release;
		};
		2089CC681BFF12C500B80E5A /* Build configuration list for PBXNativeTarget "NoteBookLibTests" */ = {
			isa = XCConfigurationList;
			buildConfigurations = (
				2089CC691BFF12C500B80E5A /* Debug */,
				2089CC6A1BFF12C500B80E5A /* Release */,
			);
			defaultConfigurationIsVisible = 0;
			defaultConfigurationName = Release;
		};
/* End XCConfigurationList section */
	};
	rootObject = 2089CC461BFF12C500B80E5A /* Project object */;
}
